// !$*UTF8*$!
{
	archiveVersion = 1;
	classes = {
	};
	objectVersion = 46;
	objects = {

/* Begin PBXBuildFile section */
		2042001F1DDC472700F5888E /* main.m in Sources */ = {isa = PBXBuildFile; fileRef = 2042001E1DDC472700F5888E /* main.m */; };
		204200221DDC472700F5888E /* AppDelegate.m in Sources */ = {isa = PBXBuildFile; fileRef = 204200211DDC472700F5888E /* AppDelegate.m */; };
		204200251DDC472700F5888E /* ViewController.m in Sources */ = {isa = PBXBuildFile; fileRef = 204200241DDC472700F5888E /* ViewController.m */; };
		204200281DDC472700F5888E /* Main.storyboard in Resources */ = {isa = PBXBuildFile; fileRef = 204200261DDC472700F5888E /* Main.storyboard */; };
		2042002A1DDC472700F5888E /* Assets.xcassets in Resources */ = {isa = PBXBuildFile; fileRef = 204200291DDC472700F5888E /* Assets.xcassets */; };
		2042002D1DDC472700F5888E /* LaunchScreen.storyboard in Resources */ = {isa = PBXBuildFile; fileRef = 2042002B1DDC472700F5888E /* LaunchScreen.storyboard */; };
		204200381DDC472700F5888E /* RobotPenManagerDemoTests.m in Sources */ = {isa = PBXBuildFile; fileRef = 204200371DDC472700F5888E /* RobotPenManagerDemoTests.m */; };
		204200431DDC472700F5888E /* RobotPenManagerDemoUITests.m in Sources */ = {isa = PBXBuildFile; fileRef = 204200421DDC472700F5888E /* RobotPenManagerDemoUITests.m */; };
		204200561DDC473700F5888E /* libRobotPenManager.a in Frameworks */ = {isa = PBXBuildFile; fileRef = 204200501DDC473700F5888E /* libRobotPenManager.a */; };
/* End PBXBuildFile section */

/* Begin PBXContainerItemProxy section */
		204200341DDC472700F5888E /* PBXContainerItemProxy */ = {
			isa = PBXContainerItemProxy;
			containerPortal = 204200121DDC472700F5888E /* Project object */;
			proxyType = 1;
			remoteGlobalIDString = 204200191DDC472700F5888E;
			remoteInfo = RobotPenManagerDemo;
		};
		2042003F1DDC472700F5888E /* PBXContainerItemProxy */ = {
			isa = PBXContainerItemProxy;
			containerPortal = 204200121DDC472700F5888E /* Project object */;
			proxyType = 1;
			remoteGlobalIDString = 204200191DDC472700F5888E;
			remoteInfo = RobotPenManagerDemo;
		};
/* End PBXContainerItemProxy section */

/* Begin PBXFileReference section */
		2031A97A1DDC65D800473A81 /* libsqlite3.0.tbd */ = {isa = PBXFileReference; lastKnownFileType = "sourcecode.text-based-dylib-definition"; name = libsqlite3.0.tbd; path = usr/lib/libsqlite3.0.tbd; sourceTree = SDKROOT; };
		2031A97C1DDC65DE00473A81 /* libsqlite3.tbd */ = {isa = PBXFileReference; lastKnownFileType = "sourcecode.text-based-dylib-definition"; name = libsqlite3.tbd; path = usr/lib/libsqlite3.tbd; sourceTree = SDKROOT; };
		2031A97E1DDC65E400473A81 /* libz.tbd */ = {isa = PBXFileReference; lastKnownFileType = "sourcecode.text-based-dylib-definition"; name = libz.tbd; path = usr/lib/libz.tbd; sourceTree = SDKROOT; };
		2042001A1DDC472700F5888E /* RobotPenManagerDemo.app */ = {isa = PBXFileReference; explicitFileType = wrapper.application; includeInIndex = 0; path = RobotPenManagerDemo.app; sourceTree = BUILT_PRODUCTS_DIR; };
		2042001E1DDC472700F5888E /* main.m */ = {isa = PBXFileReference; lastKnownFileType = sourcecode.c.objc; path = main.m; sourceTree = "<group>"; };
		204200201DDC472700F5888E /* AppDelegate.h */ = {isa = PBXFileReference; lastKnownFileType = sourcecode.c.h; path = AppDelegate.h; sourceTree = "<group>"; };
		204200211DDC472700F5888E /* AppDelegate.m */ = {isa = PBXFileReference; lastKnownFileType = sourcecode.c.objc; path = AppDelegate.m; sourceTree = "<group>"; };
		204200231DDC472700F5888E /* ViewController.h */ = {isa = PBXFileReference; lastKnownFileType = sourcecode.c.h; path = ViewController.h; sourceTree = "<group>"; };
		204200241DDC472700F5888E /* ViewController.m */ = {isa = PBXFileReference; lastKnownFileType = sourcecode.c.objc; path = ViewController.m; sourceTree = "<group>"; };
		204200271DDC472700F5888E /* Base */ = {isa = PBXFileReference; lastKnownFileType = file.storyboard; name = Base; path = Base.lproj/Main.storyboard; sourceTree = "<group>"; };
		204200291DDC472700F5888E /* Assets.xcassets */ = {isa = PBXFileReference; lastKnownFileType = folder.assetcatalog; path = Assets.xcassets; sourceTree = "<group>"; };
		2042002C1DDC472700F5888E /* Base */ = {isa = PBXFileReference; lastKnownFileType = file.storyboard; name = Base; path = Base.lproj/LaunchScreen.storyboard; sourceTree = "<group>"; };
		2042002E1DDC472700F5888E /* Info.plist */ = {isa = PBXFileReference; lastKnownFileType = text.plist.xml; path = Info.plist; sourceTree = "<group>"; };
		204200331DDC472700F5888E /* RobotPenManagerDemoTests.xctest */ = {isa = PBXFileReference; explicitFileType = wrapper.cfbundle; includeInIndex = 0; path = RobotPenManagerDemoTests.xctest; sourceTree = BUILT_PRODUCTS_DIR; };
		204200371DDC472700F5888E /* RobotPenManagerDemoTests.m */ = {isa = PBXFileReference; lastKnownFileType = sourcecode.c.objc; path = RobotPenManagerDemoTests.m; sourceTree = "<group>"; };
		204200391DDC472700F5888E /* Info.plist */ = {isa = PBXFileReference; lastKnownFileType = text.plist.xml; path = Info.plist; sourceTree = "<group>"; };
		2042003E1DDC472700F5888E /* RobotPenManagerDemoUITests.xctest */ = {isa = PBXFileReference; explicitFileType = wrapper.cfbundle; includeInIndex = 0; path = RobotPenManagerDemoUITests.xctest; sourceTree = BUILT_PRODUCTS_DIR; };
		204200421DDC472700F5888E /* RobotPenManagerDemoUITests.m */ = {isa = PBXFileReference; lastKnownFileType = sourcecode.c.objc; path = RobotPenManagerDemoUITests.m; sourceTree = "<group>"; };
		204200441DDC472700F5888E /* Info.plist */ = {isa = PBXFileReference; lastKnownFileType = text.plist.xml; path = Info.plist; sourceTree = "<group>"; };
		204200501DDC473700F5888E /* libRobotPenManager.a */ = {isa = PBXFileReference; lastKnownFileType = archive.ar; path = libRobotPenManager.a; sourceTree = "<group>"; };
		204200521DDC473700F5888E /* PenDevice.h */ = {isa = PBXFileReference; fileEncoding = 4; lastKnownFileType = sourcecode.c.h; path = PenDevice.h; sourceTree = "<group>"; };
		204200531DDC473700F5888E /* PenHeader.h */ = {isa = PBXFileReference; fileEncoding = 4; lastKnownFileType = sourcecode.c.h; path = PenHeader.h; sourceTree = "<group>"; };
		204200541DDC473700F5888E /* PenPoint.h */ = {isa = PBXFileReference; fileEncoding = 4; lastKnownFileType = sourcecode.c.h; path = PenPoint.h; sourceTree = "<group>"; };
		204200551DDC473700F5888E /* RobotPenManager.h */ = {isa = PBXFileReference; fileEncoding = 4; lastKnownFileType = sourcecode.c.h; path = RobotPenManager.h; sourceTree = "<group>"; };
/* End PBXFileReference section */

/* Begin PBXFrameworksBuildPhase section */
		204200171DDC472700F5888E /* Frameworks */ = {
			isa = PBXFrameworksBuildPhase;
			buildActionMask = 2147483647;
			files = (
				204200561DDC473700F5888E /* libRobotPenManager.a in Frameworks */,
			);
			runOnlyForDeploymentPostprocessing = 0;
		};
		204200301DDC472700F5888E /* Frameworks */ = {
			isa = PBXFrameworksBuildPhase;
			buildActionMask = 2147483647;
			files = (
			);
			runOnlyForDeploymentPostprocessing = 0;
		};
		2042003B1DDC472700F5888E /* Frameworks */ = {
			isa = PBXFrameworksBuildPhase;
			buildActionMask = 2147483647;
			files = (
			);
			runOnlyForDeploymentPostprocessing = 0;
		};
/* End PBXFrameworksBuildPhase section */

/* Begin PBXGroup section */
		2031A9791DDC65D800473A81 /* Frameworks */ = {
			isa = PBXGroup;
			children = (
				2031A97E1DDC65E400473A81 /* libz.tbd */,
				2031A97C1DDC65DE00473A81 /* libsqlite3.tbd */,
				2031A97A1DDC65D800473A81 /* libsqlite3.0.tbd */,
			);
			name = Frameworks;
			sourceTree = "<group>";
		};
		204200111DDC472700F5888E = {
			isa = PBXGroup;
			children = (
				2042001C1DDC472700F5888E /* RobotPenManagerDemo */,
				204200361DDC472700F5888E /* RobotPenManagerDemoTests */,
				204200411DDC472700F5888E /* RobotPenManagerDemoUITests */,
				2042001B1DDC472700F5888E /* Products */,
				2031A9791DDC65D800473A81 /* Frameworks */,
			);
			sourceTree = "<group>";
		};
		2042001B1DDC472700F5888E /* Products */ = {
			isa = PBXGroup;
			children = (
				2042001A1DDC472700F5888E /* RobotPenManagerDemo.app */,
				204200331DDC472700F5888E /* RobotPenManagerDemoTests.xctest */,
				2042003E1DDC472700F5888E /* RobotPenManagerDemoUITests.xctest */,
			);
			name = Products;
			sourceTree = "<group>";
		};
		2042001C1DDC472700F5888E /* RobotPenManagerDemo */ = {
			isa = PBXGroup;
			children = (
				204200501DDC473700F5888E /* libRobotPenManager.a */,
				204200511DDC473700F5888E /* RobotPenManager */,
				204200201DDC472700F5888E /* AppDelegate.h */,
				204200211DDC472700F5888E /* AppDelegate.m */,
				204200231DDC472700F5888E /* ViewController.h */,
				204200241DDC472700F5888E /* ViewController.m */,
				204200261DDC472700F5888E /* Main.storyboard */,
				204200291DDC472700F5888E /* Assets.xcassets */,
				2042002B1DDC472700F5888E /* LaunchScreen.storyboard */,
				2042002E1DDC472700F5888E /* Info.plist */,
				2042001D1DDC472700F5888E /* Supporting Files */,
			);
			path = RobotPenManagerDemo;
			sourceTree = "<group>";
		};
		2042001D1DDC472700F5888E /* Supporting Files */ = {
			isa = PBXGroup;
			children = (
				2042001E1DDC472700F5888E /* main.m */,
			);
			name = "Supporting Files";
			sourceTree = "<group>";
		};
		204200361DDC472700F5888E /* RobotPenManagerDemoTests */ = {
			isa = PBXGroup;
			children = (
				204200371DDC472700F5888E /* RobotPenManagerDemoTests.m */,
				204200391DDC472700F5888E /* Info.plist */,
			);
			path = RobotPenManagerDemoTests;
			sourceTree = "<group>";
		};
		204200411DDC472700F5888E /* RobotPenManagerDemoUITests */ = {
			isa = PBXGroup;
			children = (
				204200421DDC472700F5888E /* RobotPenManagerDemoUITests.m */,
				204200441DDC472700F5888E /* Info.plist */,
			);
			path = RobotPenManagerDemoUITests;
			sourceTree = "<group>";
		};
		204200511DDC473700F5888E /* RobotPenManager */ = {
			isa = PBXGroup;
			children = (
				204200521DDC473700F5888E /* PenDevice.h */,
				204200531DDC473700F5888E /* PenHeader.h */,
				204200541DDC473700F5888E /* PenPoint.h */,
				204200551DDC473700F5888E /* RobotPenManager.h */,
			);
			path = RobotPenManager;
			sourceTree = "<group>";
		};
/* End PBXGroup section */

/* Begin PBXNativeTarget section */
		204200191DDC472700F5888E /* RobotPenManagerDemo */ = {
			isa = PBXNativeTarget;
			buildConfigurationList = 204200471DDC472800F5888E /* Build configuration list for PBXNativeTarget "RobotPenManagerDemo" */;
			buildPhases = (
				204200161DDC472700F5888E /* Sources */,
				204200171DDC472700F5888E /* Frameworks */,
				204200181DDC472700F5888E /* Resources */,
			);
			buildRules = (
			);
			dependencies = (
			);
			name = RobotPenManagerDemo;
			productName = RobotPenManagerDemo;
			productReference = 2042001A1DDC472700F5888E /* RobotPenManagerDemo.app */;
			productType = "com.apple.product-type.application";
		};
		204200321DDC472700F5888E /* RobotPenManagerDemoTests */ = {
			isa = PBXNativeTarget;
			buildConfigurationList = 2042004A1DDC472800F5888E /* Build configuration list for PBXNativeTarget "RobotPenManagerDemoTests" */;
			buildPhases = (
				2042002F1DDC472700F5888E /* Sources */,
				204200301DDC472700F5888E /* Frameworks */,
				204200311DDC472700F5888E /* Resources */,
			);
			buildRules = (
			);
			dependencies = (
				204200351DDC472700F5888E /* PBXTargetDependency */,
			);
			name = RobotPenManagerDemoTests;
			productName = RobotPenManagerDemoTests;
			productReference = 204200331DDC472700F5888E /* RobotPenManagerDemoTests.xctest */;
			productType = "com.apple.product-type.bundle.unit-test";
		};
		2042003D1DDC472700F5888E /* RobotPenManagerDemoUITests */ = {
			isa = PBXNativeTarget;
			buildConfigurationList = 2042004D1DDC472800F5888E /* Build configuration list for PBXNativeTarget "RobotPenManagerDemoUITests" */;
			buildPhases = (
				2042003A1DDC472700F5888E /* Sources */,
				2042003B1DDC472700F5888E /* Frameworks */,
				2042003C1DDC472700F5888E /* Resources */,
			);
			buildRules = (
			);
			dependencies = (
				204200401DDC472700F5888E /* PBXTargetDependency */,
			);
			name = RobotPenManagerDemoUITests;
			productName = RobotPenManagerDemoUITests;
			productReference = 2042003E1DDC472700F5888E /* RobotPenManagerDemoUITests.xctest */;
			productType = "com.apple.product-type.bundle.ui-testing";
		};
/* End PBXNativeTarget section */

/* Begin PBXProject section */
		204200121DDC472700F5888E /* Project object */ = {
			isa = PBXProject;
			attributes = {
				LastUpgradeCheck = 0800;
				ORGANIZATIONNAME = robotPen;
				TargetAttributes = {
					204200191DDC472700F5888E = {
						CreatedOnToolsVersion = 8.0;
						DevelopmentTeam = DYC8577H8P;
						ProvisioningStyle = Automatic;
					};
					204200321DDC472700F5888E = {
						CreatedOnToolsVersion = 8.0;
						ProvisioningStyle = Automatic;
						TestTargetID = 204200191DDC472700F5888E;
					};
					2042003D1DDC472700F5888E = {
						CreatedOnToolsVersion = 8.0;
						ProvisioningStyle = Automatic;
						TestTargetID = 204200191DDC472700F5888E;
					};
				};
			};
			buildConfigurationList = 204200151DDC472700F5888E /* Build configuration list for PBXProject "RobotPenManagerDemo" */;
			compatibilityVersion = "Xcode 3.2";
			developmentRegion = English;
			hasScannedForEncodings = 0;
			knownRegions = (
				en,
				Base,
			);
			mainGroup = 204200111DDC472700F5888E;
			productRefGroup = 2042001B1DDC472700F5888E /* Products */;
			projectDirPath = "";
			projectRoot = "";
			targets = (
				204200191DDC472700F5888E /* RobotPenManagerDemo */,
				204200321DDC472700F5888E /* RobotPenManagerDemoTests */,
				2042003D1DDC472700F5888E /* RobotPenManagerDemoUITests */,
			);
		};
/* End PBXProject section */

/* Begin PBXResourcesBuildPhase section */
		204200181DDC472700F5888E /* Resources */ = {
			isa = PBXResourcesBuildPhase;
			buildActionMask = 2147483647;
			files = (
				2042002D1DDC472700F5888E /* LaunchScreen.storyboard in Resources */,
				2042002A1DDC472700F5888E /* Assets.xcassets in Resources */,
				204200281DDC472700F5888E /* Main.storyboard in Resources */,
			);
			runOnlyForDeploymentPostprocessing = 0;
		};
		204200311DDC472700F5888E /* Resources */ = {
			isa = PBXResourcesBuildPhase;
			buildActionMask = 2147483647;
			files = (
			);
			runOnlyForDeploymentPostprocessing = 0;
		};
		2042003C1DDC472700F5888E /* Resources */ = {
			isa = PBXResourcesBuildPhase;
			buildActionMask = 2147483647;
			files = (
			);
			runOnlyForDeploymentPostprocessing = 0;
		};
/* End PBXResourcesBuildPhase section */

/* Begin PBXSourcesBuildPhase section */
		204200161DDC472700F5888E /* Sources */ = {
			isa = PBXSourcesBuildPhase;
			buildActionMask = 2147483647;
			files = (
				204200251DDC472700F5888E /* ViewController.m in Sources */,
				204200221DDC472700F5888E /* AppDelegate.m in Sources */,
				2042001F1DDC472700F5888E /* main.m in Sources */,
			);
			runOnlyForDeploymentPostprocessing = 0;
		};
		2042002F1DDC472700F5888E /* Sources */ = {
			isa = PBXSourcesBuildPhase;
			buildActionMask = 2147483647;
			files = (
				204200381DDC472700F5888E /* RobotPenManagerDemoTests.m in Sources */,
			);
			runOnlyForDeploymentPostprocessing = 0;
		};
		2042003A1DDC472700F5888E /* Sources */ = {
			isa = PBXSourcesBuildPhase;
			buildActionMask = 2147483647;
			files = (
				204200431DDC472700F5888E /* RobotPenManagerDemoUITests.m in Sources */,
			);
			runOnlyForDeploymentPostprocessing = 0;
		};
/* End PBXSourcesBuildPhase section */

/* Begin PBXTargetDependency section */
		204200351DDC472700F5888E /* PBXTargetDependency */ = {
			isa = PBXTargetDependency;
			target = 204200191DDC472700F5888E /* RobotPenManagerDemo */;
			targetProxy = 204200341DDC472700F5888E /* PBXContainerItemProxy */;
		};
		204200401DDC472700F5888E /* PBXTargetDependency */ = {
			isa = PBXTargetDependency;
			target = 204200191DDC472700F5888E /* RobotPenManagerDemo */;
			targetProxy = 2042003F1DDC472700F5888E /* PBXContainerItemProxy */;
		};
/* End PBXTargetDependency section */

/* Begin PBXVariantGroup section */
		204200261DDC472700F5888E /* Main.storyboard */ = {
			isa = PBXVariantGroup;
			children = (
				204200271DDC472700F5888E /* Base */,
			);
			name = Main.storyboard;
			sourceTree = "<group>";
		};
		2042002B1DDC472700F5888E /* LaunchScreen.storyboard */ = {
			isa = PBXVariantGroup;
			children = (
				2042002C1DDC472700F5888E /* Base */,
			);
			name = LaunchScreen.storyboard;
			sourceTree = "<group>";
		};
/* End PBXVariantGroup section */

/* Begin XCBuildConfiguration section */
		204200451DDC472700F5888E /* Debug */ = {
			isa = XCBuildConfiguration;
			buildSettings = {
				ALWAYS_SEARCH_USER_PATHS = NO;
				CLANG_ANALYZER_NONNULL = YES;
				CLANG_CXX_LANGUAGE_STANDARD = "gnu++0x";
				CLANG_CXX_LIBRARY = "libc++";
				CLANG_ENABLE_MODULES = YES;
				CLANG_ENABLE_OBJC_ARC = YES;
				CLANG_WARN_BOOL_CONVERSION = YES;
				CLANG_WARN_CONSTANT_CONVERSION = YES;
				CLANG_WARN_DIRECT_OBJC_ISA_USAGE = YES_ERROR;
				CLANG_WARN_DOCUMENTATION_COMMENTS = YES;
				CLANG_WARN_EMPTY_BODY = YES;
				CLANG_WARN_ENUM_CONVERSION = YES;
				CLANG_WARN_INFINITE_RECURSION = YES;
				CLANG_WARN_INT_CONVERSION = YES;
				CLANG_WARN_OBJC_ROOT_CLASS = YES_ERROR;
				CLANG_WARN_SUSPICIOUS_MOVES = YES;
				CLANG_WARN_UNREACHABLE_CODE = YES;
				CLANG_WARN__DUPLICATE_METHOD_MATCH = YES;
				"CODE_SIGN_IDENTITY[sdk=iphoneos*]" = "iPhone Developer";
				COPY_PHASE_STRIP = NO;
				DEBUG_INFORMATION_FORMAT = dwarf;
				ENABLE_STRICT_OBJC_MSGSEND = YES;
				ENABLE_TESTABILITY = YES;
				GCC_C_LANGUAGE_STANDARD = gnu99;
				GCC_DYNAMIC_NO_PIC = NO;
				GCC_NO_COMMON_BLOCKS = YES;
				GCC_OPTIMIZATION_LEVEL = 0;
				GCC_PREPROCESSOR_DEFINITIONS = (
					"DEBUG=1",
					"$(inherited)",
				);
				GCC_WARN_64_TO_32_BIT_CONVERSION = YES;
				GCC_WARN_ABOUT_RETURN_TYPE = YES_ERROR;
				GCC_WARN_UNDECLARED_SELECTOR = YES;
				GCC_WARN_UNINITIALIZED_AUTOS = YES_AGGRESSIVE;
				GCC_WARN_UNUSED_FUNCTION = YES;
				GCC_WARN_UNUSED_VARIABLE = YES;
				IPHONEOS_DEPLOYMENT_TARGET = 10.0;
				MTL_ENABLE_DEBUG_INFO = YES;
				ONLY_ACTIVE_ARCH = YES;
				SDKROOT = iphoneos;
				TARGETED_DEVICE_FAMILY = "1,2";
			};
			name = Debug;
		};
		204200461DDC472700F5888E /* Release */ = {
			isa = XCBuildConfiguration;
			buildSettings = {
				ALWAYS_SEARCH_USER_PATHS = NO;
				CLANG_ANALYZER_NONNULL = YES;
				CLANG_CXX_LANGUAGE_STANDARD = "gnu++0x";
				CLANG_CXX_LIBRARY = "libc++";
				CLANG_ENABLE_MODULES = YES;
				CLANG_ENABLE_OBJC_ARC = YES;
				CLANG_WARN_BOOL_CONVERSION = YES;
				CLANG_WARN_CONSTANT_CONVERSION = YES;
				CLANG_WARN_DIRECT_OBJC_ISA_USAGE = YES_ERROR;
				CLANG_WARN_DOCUMENTATION_COMMENTS = YES;
				CLANG_WARN_EMPTY_BODY = YES;
				CLANG_WARN_ENUM_CONVERSION = YES;
				CLANG_WARN_INFINITE_RECURSION = YES;
				CLANG_WARN_INT_CONVERSION = YES;
				CLANG_WARN_OBJC_ROOT_CLASS = YES_ERROR;
				CLANG_WARN_SUSPICIOUS_MOVES = YES;
				CLANG_WARN_UNREACHABLE_CODE = YES;
				CLANG_WARN__DUPLICATE_METHOD_MATCH = YES;
				"CODE_SIGN_IDENTITY[sdk=iphoneos*]" = "iPhone Developer";
				COPY_PHASE_STRIP = NO;
				DEBUG_INFORMATION_FORMAT = "dwarf-with-dsym";
				ENABLE_NS_ASSERTIONS = NO;
				ENABLE_STRICT_OBJC_MSGSEND = YES;
				GCC_C_LANGUAGE_STANDARD = gnu99;
				GCC_NO_COMMON_BLOCKS = YES;
				GCC_WARN_64_TO_32_BIT_CONVERSION = YES;
				GCC_WARN_ABOUT_RETURN_TYPE = YES_ERROR;
				GCC_WARN_UNDECLARED_SELECTOR = YES;
				GCC_WARN_UNINITIALIZED_AUTOS = YES_AGGRESSIVE;
				GCC_WARN_UNUSED_FUNCTION = YES;
				GCC_WARN_UNUSED_VARIABLE = YES;
				IPHONEOS_DEPLOYMENT_TARGET = 10.0;
				MTL_ENABLE_DEBUG_INFO = NO;
				SDKROOT = iphoneos;
				TARGETED_DEVICE_FAMILY = "1,2";
				VALIDATE_PRODUCT = YES;
			};
			name = Release;
		};
		204200481DDC472800F5888E /* Debug */ = {
			isa = XCBuildConfiguration;
			buildSettings = {
				ASSETCATALOG_COMPILER_APPICON_NAME = AppIcon;
				DEVELOPMENT_TEAM = DYC8577H8P;
				INFOPLIST_FILE = RobotPenManagerDemo/Info.plist;
				LD_RUNPATH_SEARCH_PATHS = "$(inherited) @executable_path/Frameworks";
				LIBRARY_SEARCH_PATHS = (
					"$(inherited)",
					"$(PROJECT_DIR)/RobotPenManagerDemo",
				);
				PRODUCT_BUNDLE_IDENTIFIER = app.robotPen.cn.RobotPenManagerDemo;
				PRODUCT_NAME = "$(TARGET_NAME)";
			};
			name = Debug;
		};
		204200491DDC472800F5888E /* Release */ = {
			isa = XCBuildConfiguration;
			buildSettings = {
				ASSETCATALOG_COMPILER_APPICON_NAME = AppIcon;
				DEVELOPMENT_TEAM = DYC8577H8P;
				INFOPLIST_FILE = RobotPenManagerDemo/Info.plist;
				LD_RUNPATH_SEARCH_PATHS = "$(inherited) @executable_path/Frameworks";
				LIBRARY_SEARCH_PATHS = (
					"$(inherited)",
					"$(PROJECT_DIR)/RobotPenManagerDemo",
				);
				PRODUCT_BUNDLE_IDENTIFIER = app.robotPen.cn.RobotPenManagerDemo;
				PRODUCT_NAME = "$(TARGET_NAME)";
			};
			name = Release;
		};
		2042004B1DDC472800F5888E /* Debug */ = {
			isa = XCBuildConfiguration;
			buildSettings = {
				BUNDLE_LOADER = "$(TEST_HOST)";
				INFOPLIST_FILE = RobotPenManagerDemoTests/Info.plist;
				LD_RUNPATH_SEARCH_PATHS = "$(inherited) @executable_path/Frameworks @loader_path/Frameworks";
				PRODUCT_BUNDLE_IDENTIFIER = app.robotPen.cn.RobotPenManagerDemoTests;
				PRODUCT_NAME = "$(TARGET_NAME)";
				TEST_HOST = "$(BUILT_PRODUCTS_DIR)/RobotPenManagerDemo.app/RobotPenManagerDemo";
			};
			name = Debug;
		};
		2042004C1DDC472800F5888E /* Release */ = {
			isa = XCBuildConfiguration;
			buildSettings = {
				BUNDLE_LOADER = "$(TEST_HOST)";
				INFOPLIST_FILE = RobotPenManagerDemoTests/Info.plist;
				LD_RUNPATH_SEARCH_PATHS = "$(inherited) @executable_path/Frameworks @loader_path/Frameworks";
				PRODUCT_BUNDLE_IDENTIFIER = app.robotPen.cn.RobotPenManagerDemoTests;
				PRODUCT_NAME = "$(TARGET_NAME)";
				TEST_HOST = "$(BUILT_PRODUCTS_DIR)/RobotPenManagerDemo.app/RobotPenManagerDemo";
			};
			name = Release;
		};
		2042004E1DDC472800F5888E /* Debug */ = {
			isa = XCBuildConfiguration;
			buildSettings = {
				INFOPLIST_FILE = RobotPenManagerDemoUITests/Info.plist;
				LD_RUNPATH_SEARCH_PATHS = "$(inherited) @executable_path/Frameworks @loader_path/Frameworks";
				PRODUCT_BUNDLE_IDENTIFIER = app.robotPen.cn.RobotPenManagerDemoUITests;
				PRODUCT_NAME = "$(TARGET_NAME)";
				TEST_TARGET_NAME = RobotPenManagerDemo;
			};
			name = Debug;
		};
		2042004F1DDC472800F5888E /* Release */ = {
			isa = XCBuildConfiguration;
			buildSettings = {
				INFOPLIST_FILE = RobotPenManagerDemoUITests/Info.plist;
				LD_RUNPATH_SEARCH_PATHS = "$(inherited) @executable_path/Frameworks @loader_path/Frameworks";
				PRODUCT_BUNDLE_IDENTIFIER = app.robotPen.cn.RobotPenManagerDemoUITests;
				PRODUCT_NAME = "$(TARGET_NAME)";
				TEST_TARGET_NAME = RobotPenManagerDemo;
			};
			name = Release;
		};
/* End XCBuildConfiguration section */

/* Begin XCConfigurationList section */
		204200151DDC472700F5888E /* Build configuration list for PBXProject "RobotPenManagerDemo" */ = {
			isa = XCConfigurationList;
			buildConfigurations = (
				204200451DDC472700F5888E /* Debug */,
				204200461DDC472700F5888E /* Release */,
			);
			defaultConfigurationIsVisible = 0;
			defaultConfigurationName = Release;
		};
		204200471DDC472800F5888E /* Build configuration list for PBXNativeTarget "RobotPenManagerDemo" */ = {
			isa = XCConfigurationList;
			buildConfigurations = (
				204200481DDC472800F5888E /* Debug */,
				204200491DDC472800F5888E /* Release */,
			);
			defaultConfigurationIsVisible = 0;
			defaultConfigurationName = Release;
		};
		2042004A1DDC472800F5888E /* Build configuration list for PBXNativeTarget "RobotPenManagerDemoTests" */ = {
			isa = XCConfigurationList;
			buildConfigurations = (
				2042004B1DDC472800F5888E /* Debug */,
				2042004C1DDC472800F5888E /* Release */,
			);
			defaultConfigurationIsVisible = 0;
			defaultConfigurationName = Release;
		};
		2042004D1DDC472800F5888E /* Build configuration list for PBXNativeTarget "RobotPenManagerDemoUITests" */ = {
			isa = XCConfigurationList;
			buildConfigurations = (
				2042004E1DDC472800F5888E /* Debug */,
				2042004F1DDC472800F5888E /* Release */,
			);
			defaultConfigurationIsVisible = 0;
			defaultConfigurationName = Release;
		};
/* End XCConfigurationList section */
	};
	rootObject = 204200121DDC472700F5888E /* Project object */;
}
