// !$*UTF8*$!
{
	archiveVersion = 1;
	classes = {
	};
	objectVersion = 46;
	objects = {

/* Begin PBXBuildFile section */
		C05E71191E5E893B004836D0 /* libRobotBoard_Micro.a in Frameworks */ = {isa = PBXBuildFile; fileRef = C05E71081E5E893B004836D0 /* libRobotBoard_Micro.a */; };
		C07C08141E5BCB3800D290A7 /* main.m in Sources */ = {isa = PBXBuildFile; fileRef = C07C08131E5BCB3800D290A7 /* main.m */; };
		C07C08171E5BCB3800D290A7 /* AppDelegate.m in Sources */ = {isa = PBXBuildFile; fileRef = C07C08161E5BCB3800D290A7 /* AppDelegate.m */; };
		C07C081A1E5BCB3800D290A7 /* ViewController.m in Sources */ = {isa = PBXBuildFile; fileRef = C07C08191E5BCB3800D290A7 /* ViewController.m */; };
		C07C081D1E5BCB3800D290A7 /* Main.storyboard in Resources */ = {isa = PBXBuildFile; fileRef = C07C081B1E5BCB3800D290A7 /* Main.storyboard */; };
		C07C08201E5BCB3800D290A7 /* RobotBoardSDKDemo.xcdatamodeld in Sources */ = {isa = PBXBuildFile; fileRef = C07C081E1E5BCB3800D290A7 /* RobotBoardSDKDemo.xcdatamodeld */; };
		C07C08221E5BCB3800D290A7 /* Assets.xcassets in Resources */ = {isa = PBXBuildFile; fileRef = C07C08211E5BCB3800D290A7 /* Assets.xcassets */; };
		C07C08251E5BCB3800D290A7 /* LaunchScreen.storyboard in Resources */ = {isa = PBXBuildFile; fileRef = C07C08231E5BCB3800D290A7 /* LaunchScreen.storyboard */; };
		C07C0AC91E5C216700D290A7 /* libsqlite3.tbd in Frameworks */ = {isa = PBXBuildFile; fileRef = C07C0AC81E5C216700D290A7 /* libsqlite3.tbd */; };
		C0D9C8A11E5C3125008D0093 /* libsqlite3.0.tbd in Frameworks */ = {isa = PBXBuildFile; fileRef = C0D9C8A01E5C3125008D0093 /* libsqlite3.0.tbd */; };
		C0D9C8A21E5C312C008D0093 /* libz.tbd in Frameworks */ = {isa = PBXBuildFile; fileRef = C07C0AC61E5C215B00D290A7 /* libz.tbd */; };
		C0D9C8A51E5C339D008D0093 /* UIKit.framework in Frameworks */ = {isa = PBXBuildFile; fileRef = C07C0ABF1E5C1F2D00D290A7 /* UIKit.framework */; };
		C0D9C8AC1E5C3D71008D0093 /* SearchDeviceViewController.m in Sources */ = {isa = PBXBuildFile; fileRef = C0D9C8AA1E5C3D71008D0093 /* SearchDeviceViewController.m */; };
		C0D9C8AD1E5C3D71008D0093 /* SearchDeviceViewController.xib in Resources */ = {isa = PBXBuildFile; fileRef = C0D9C8AB1E5C3D71008D0093 /* SearchDeviceViewController.xib */; };
		C0D9C8B11E5C440C008D0093 /* WhiteBoardViewController.m in Sources */ = {isa = PBXBuildFile; fileRef = C0D9C8AF1E5C440C008D0093 /* WhiteBoardViewController.m */; };
		C0D9C8B21E5C440C008D0093 /* WhiteBoardViewController.xib in Resources */ = {isa = PBXBuildFile; fileRef = C0D9C8B01E5C440C008D0093 /* WhiteBoardViewController.xib */; };
		C0D9C8B61E5D2D5E008D0093 /* WhiteBoardMicroViewController.m in Sources */ = {isa = PBXBuildFile; fileRef = C0D9C8B41E5D2D5E008D0093 /* WhiteBoardMicroViewController.m */; };
		C0D9C8B71E5D2D5E008D0093 /* WhiteBoardMicroViewController.xib in Resources */ = {isa = PBXBuildFile; fileRef = C0D9C8B51E5D2D5E008D0093 /* WhiteBoardMicroViewController.xib */; };
		C0D9C8BE1E5D2F76008D0093 /* WhiteBoardLiveViewController.m in Sources */ = {isa = PBXBuildFile; fileRef = C0D9C8BC1E5D2F76008D0093 /* WhiteBoardLiveViewController.m */; };
		C0D9C8BF1E5D2F76008D0093 /* WhiteBoardLiveViewController.xib in Resources */ = {isa = PBXBuildFile; fileRef = C0D9C8BD1E5D2F76008D0093 /* WhiteBoardLiveViewController.xib */; };
		C0D9C9B71E5D8AC9008D0093 /* AudioToolbox.framework in Frameworks */ = {isa = PBXBuildFile; fileRef = C0D9C9B61E5D8AC9008D0093 /* AudioToolbox.framework */; };
		C0D9C9B91E5D8B27008D0093 /* CoreTelephony.framework in Frameworks */ = {isa = PBXBuildFile; fileRef = C0D9C9B81E5D8B27008D0093 /* CoreTelephony.framework */; };
		C0D9C9BB1E5D8B2F008D0093 /* CoreText.framework in Frameworks */ = {isa = PBXBuildFile; fileRef = C0D9C9BA1E5D8B2F008D0093 /* CoreText.framework */; };
		C0D9C9BC1E5D8EEC008D0093 /* Foundation.framework in Frameworks */ = {isa = PBXBuildFile; fileRef = C07C0ABD1E5C1F2000D290A7 /* Foundation.framework */; };
/* End PBXBuildFile section */

/* Begin PBXFileReference section */
		C05E71081E5E893B004836D0 /* libRobotBoard_Micro.a */ = {isa = PBXFileReference; lastKnownFileType = archive.ar; path = libRobotBoard_Micro.a; sourceTree = "<group>"; };
		C05E710A1E5E893B004836D0 /* PenDevice.h */ = {isa = PBXFileReference; fileEncoding = 4; lastKnownFileType = sourcecode.c.h; path = PenDevice.h; sourceTree = "<group>"; };
		C05E710B1E5E893B004836D0 /* PenHeader.h */ = {isa = PBXFileReference; fileEncoding = 4; lastKnownFileType = sourcecode.c.h; path = PenHeader.h; sourceTree = "<group>"; };
		C05E710C1E5E893B004836D0 /* PenPoint.h */ = {isa = PBXFileReference; fileEncoding = 4; lastKnownFileType = sourcecode.c.h; path = PenPoint.h; sourceTree = "<group>"; };
		C05E710D1E5E893B004836D0 /* PhotoImage.h */ = {isa = PBXFileReference; fileEncoding = 4; lastKnownFileType = sourcecode.c.h; path = PhotoImage.h; sourceTree = "<group>"; };
		C05E710E1E5E893B004836D0 /* PhotoImgView.h */ = {isa = PBXFileReference; fileEncoding = 4; lastKnownFileType = sourcecode.c.h; path = PhotoImgView.h; sourceTree = "<group>"; };
		C05E710F1E5E893B004836D0 /* RobotNote.h */ = {isa = PBXFileReference; fileEncoding = 4; lastKnownFileType = sourcecode.c.h; path = RobotNote.h; sourceTree = "<group>"; };
		C05E71101E5E893B004836D0 /* RobotPenManager.h */ = {isa = PBXFileReference; fileEncoding = 4; lastKnownFileType = sourcecode.c.h; path = RobotPenManager.h; sourceTree = "<group>"; };
		C05E71111E5E893B004836D0 /* RobotSqlManager.h */ = {isa = PBXFileReference; fileEncoding = 4; lastKnownFileType = sourcecode.c.h; path = RobotSqlManager.h; sourceTree = "<group>"; };
		C05E71121E5E893B004836D0 /* RobotTrailBlock.h */ = {isa = PBXFileReference; fileEncoding = 4; lastKnownFileType = sourcecode.c.h; path = RobotTrailBlock.h; sourceTree = "<group>"; };
		C05E71131E5E893B004836D0 /* RobotTrails.h */ = {isa = PBXFileReference; fileEncoding = 4; lastKnownFileType = sourcecode.c.h; path = RobotTrails.h; sourceTree = "<group>"; };
		C05E71141E5E893B004836D0 /* RobotWhiteBoard_MicroView.h */ = {isa = PBXFileReference; fileEncoding = 4; lastKnownFileType = sourcecode.c.h; path = RobotWhiteBoard_MicroView.h; sourceTree = "<group>"; };
		C05E71151E5E893B004836D0 /* RobotWhiteBoardView.h */ = {isa = PBXFileReference; fileEncoding = 4; lastKnownFileType = sourcecode.c.h; path = RobotWhiteBoardView.h; sourceTree = "<group>"; };
		C05E71161E5E893B004836D0 /* Video.h */ = {isa = PBXFileReference; fileEncoding = 4; lastKnownFileType = sourcecode.c.h; path = Video.h; sourceTree = "<group>"; };
		C05E71171E5E893B004836D0 /* VideoImageModel.h */ = {isa = PBXFileReference; fileEncoding = 4; lastKnownFileType = sourcecode.c.h; path = VideoImageModel.h; sourceTree = "<group>"; };
		C05E71181E5E893B004836D0 /* WhiteBoardHeader.h */ = {isa = PBXFileReference; fileEncoding = 4; lastKnownFileType = sourcecode.c.h; path = WhiteBoardHeader.h; sourceTree = "<group>"; };
		C07C080F1E5BCB3800D290A7 /* RobotBoardSDKDemo.app */ = {isa = PBXFileReference; explicitFileType = wrapper.application; includeInIndex = 0; path = RobotBoardSDKDemo.app; sourceTree = BUILT_PRODUCTS_DIR; };
		C07C08131E5BCB3800D290A7 /* main.m */ = {isa = PBXFileReference; lastKnownFileType = sourcecode.c.objc; path = main.m; sourceTree = "<group>"; };
		C07C08151E5BCB3800D290A7 /* AppDelegate.h */ = {isa = PBXFileReference; lastKnownFileType = sourcecode.c.h; path = AppDelegate.h; sourceTree = "<group>"; };
		C07C08161E5BCB3800D290A7 /* AppDelegate.m */ = {isa = PBXFileReference; lastKnownFileType = sourcecode.c.objc; path = AppDelegate.m; sourceTree = "<group>"; };
		C07C08181E5BCB3800D290A7 /* ViewController.h */ = {isa = PBXFileReference; lastKnownFileType = sourcecode.c.h; path = ViewController.h; sourceTree = "<group>"; };
		C07C08191E5BCB3800D290A7 /* ViewController.m */ = {isa = PBXFileReference; lastKnownFileType = sourcecode.c.objc; path = ViewController.m; sourceTree = "<group>"; };
		C07C081C1E5BCB3800D290A7 /* Base */ = {isa = PBXFileReference; lastKnownFileType = file.storyboard; name = Base; path = Base.lproj/Main.storyboard; sourceTree = "<group>"; };
		C07C081F1E5BCB3800D290A7 /* RobotBoardSDKDemo.xcdatamodel */ = {isa = PBXFileReference; lastKnownFileType = wrapper.xcdatamodel; path = RobotBoardSDKDemo.xcdatamodel; sourceTree = "<group>"; };
		C07C08211E5BCB3800D290A7 /* Assets.xcassets */ = {isa = PBXFileReference; lastKnownFileType = folder.assetcatalog; path = Assets.xcassets; sourceTree = "<group>"; };
		C07C08241E5BCB3800D290A7 /* Base */ = {isa = PBXFileReference; lastKnownFileType = file.storyboard; name = Base; path = Base.lproj/LaunchScreen.storyboard; sourceTree = "<group>"; };
		C07C08261E5BCB3800D290A7 /* Info.plist */ = {isa = PBXFileReference; lastKnownFileType = text.plist.xml; path = Info.plist; sourceTree = "<group>"; };
		C07C0AB91E5C1EF800D290A7 /* VideoToolbox.framework */ = {isa = PBXFileReference; lastKnownFileType = wrapper.framework; name = VideoToolbox.framework; path = System/Library/Frameworks/VideoToolbox.framework; sourceTree = SDKROOT; };
		C07C0ABB1E5C1F0000D290A7 /* AVFoundation.framework */ = {isa = PBXFileReference; lastKnownFileType = wrapper.framework; name = AVFoundation.framework; path = System/Library/Frameworks/AVFoundation.framework; sourceTree = SDKROOT; };
		C07C0ABD1E5C1F2000D290A7 /* Foundation.framework */ = {isa = PBXFileReference; lastKnownFileType = wrapper.framework; name = Foundation.framework; path = System/Library/Frameworks/Foundation.framework; sourceTree = SDKROOT; };
		C07C0ABF1E5C1F2D00D290A7 /* UIKit.framework */ = {isa = PBXFileReference; lastKnownFileType = wrapper.framework; name = UIKit.framework; path = System/Library/Frameworks/UIKit.framework; sourceTree = SDKROOT; };
		C07C0AC11E5C1F6600D290A7 /* Header.h */ = {isa = PBXFileReference; fileEncoding = 4; lastKnownFileType = sourcecode.c.h; path = Header.h; sourceTree = "<group>"; };
		C07C0AC41E5C214B00D290A7 /* libc++.tbd */ = {isa = PBXFileReference; lastKnownFileType = "sourcecode.text-based-dylib-definition"; name = "libc++.tbd"; path = "usr/lib/libc++.tbd"; sourceTree = SDKROOT; };
		C07C0AC61E5C215B00D290A7 /* libz.tbd */ = {isa = PBXFileReference; lastKnownFileType = "sourcecode.text-based-dylib-definition"; name = libz.tbd; path = usr/lib/libz.tbd; sourceTree = SDKROOT; };
		C07C0AC81E5C216700D290A7 /* libsqlite3.tbd */ = {isa = PBXFileReference; lastKnownFileType = "sourcecode.text-based-dylib-definition"; name = libsqlite3.tbd; path = usr/lib/libsqlite3.tbd; sourceTree = SDKROOT; };
		C07C0ACA1E5C217500D290A7 /* libiconv.tbd */ = {isa = PBXFileReference; lastKnownFileType = "sourcecode.text-based-dylib-definition"; name = libiconv.tbd; path = usr/lib/libiconv.tbd; sourceTree = SDKROOT; };
		C0D9C8A01E5C3125008D0093 /* libsqlite3.0.tbd */ = {isa = PBXFileReference; lastKnownFileType = "sourcecode.text-based-dylib-definition"; name = libsqlite3.0.tbd; path = usr/lib/libsqlite3.0.tbd; sourceTree = SDKROOT; };
		C0D9C8A91E5C3D71008D0093 /* SearchDeviceViewController.h */ = {isa = PBXFileReference; fileEncoding = 4; lastKnownFileType = sourcecode.c.h; path = SearchDeviceViewController.h; sourceTree = "<group>"; };
		C0D9C8AA1E5C3D71008D0093 /* SearchDeviceViewController.m */ = {isa = PBXFileReference; fileEncoding = 4; lastKnownFileType = sourcecode.c.objc; path = SearchDeviceViewController.m; sourceTree = "<group>"; };
		C0D9C8AB1E5C3D71008D0093 /* SearchDeviceViewController.xib */ = {isa = PBXFileReference; fileEncoding = 4; lastKnownFileType = file.xib; path = SearchDeviceViewController.xib; sourceTree = "<group>"; };
		C0D9C8AE1E5C440C008D0093 /* WhiteBoardViewController.h */ = {isa = PBXFileReference; fileEncoding = 4; lastKnownFileType = sourcecode.c.h; path = WhiteBoardViewController.h; sourceTree = "<group>"; };
		C0D9C8AF1E5C440C008D0093 /* WhiteBoardViewController.m */ = {isa = PBXFileReference; fileEncoding = 4; lastKnownFileType = sourcecode.c.objc; path = WhiteBoardViewController.m; sourceTree = "<group>"; };
		C0D9C8B01E5C440C008D0093 /* WhiteBoardViewController.xib */ = {isa = PBXFileReference; fileEncoding = 4; lastKnownFileType = file.xib; path = WhiteBoardViewController.xib; sourceTree = "<group>"; };
		C0D9C8B31E5D2D5E008D0093 /* WhiteBoardMicroViewController.h */ = {isa = PBXFileReference; fileEncoding = 4; lastKnownFileType = sourcecode.c.h; path = WhiteBoardMicroViewController.h; sourceTree = "<group>"; };
		C0D9C8B41E5D2D5E008D0093 /* WhiteBoardMicroViewController.m */ = {isa = PBXFileReference; fileEncoding = 4; lastKnownFileType = sourcecode.c.objc; path = WhiteBoardMicroViewController.m; sourceTree = "<group>"; };
		C0D9C8B51E5D2D5E008D0093 /* WhiteBoardMicroViewController.xib */ = {isa = PBXFileReference; fileEncoding = 4; lastKnownFileType = file.xib; path = WhiteBoardMicroViewController.xib; sourceTree = "<group>"; };
		C0D9C8BB1E5D2F76008D0093 /* WhiteBoardLiveViewController.h */ = {isa = PBXFileReference; fileEncoding = 4; lastKnownFileType = sourcecode.c.h; path = WhiteBoardLiveViewController.h; sourceTree = "<group>"; };
		C0D9C8BC1E5D2F76008D0093 /* WhiteBoardLiveViewController.m */ = {isa = PBXFileReference; fileEncoding = 4; lastKnownFileType = sourcecode.c.objc; path = WhiteBoardLiveViewController.m; sourceTree = "<group>"; };
		C0D9C8BD1E5D2F76008D0093 /* WhiteBoardLiveViewController.xib */ = {isa = PBXFileReference; fileEncoding = 4; lastKnownFileType = file.xib; path = WhiteBoardLiveViewController.xib; sourceTree = "<group>"; };
		C0D9C9B61E5D8AC9008D0093 /* AudioToolbox.framework */ = {isa = PBXFileReference; lastKnownFileType = wrapper.framework; name = AudioToolbox.framework; path = System/Library/Frameworks/AudioToolbox.framework; sourceTree = SDKROOT; };
		C0D9C9B81E5D8B27008D0093 /* CoreTelephony.framework */ = {isa = PBXFileReference; lastKnownFileType = wrapper.framework; name = CoreTelephony.framework; path = System/Library/Frameworks/CoreTelephony.framework; sourceTree = SDKROOT; };
		C0D9C9BA1E5D8B2F008D0093 /* CoreText.framework */ = {isa = PBXFileReference; lastKnownFileType = wrapper.framework; name = CoreText.framework; path = System/Library/Frameworks/CoreText.framework; sourceTree = SDKROOT; };
/* End PBXFileReference section */

/* Begin PBXFrameworksBuildPhase section */
		C07C080C1E5BCB3800D290A7 /* Frameworks */ = {
			isa = PBXFrameworksBuildPhase;
			buildActionMask = 2147483647;
			files = (
				C07C0AC91E5C216700D290A7 /* libsqlite3.tbd in Frameworks */,
				C0D9C9BC1E5D8EEC008D0093 /* Foundation.framework in Frameworks */,
				C0D9C9BB1E5D8B2F008D0093 /* CoreText.framework in Frameworks */,
				C0D9C9B91E5D8B27008D0093 /* CoreTelephony.framework in Frameworks */,
				C0D9C9B71E5D8AC9008D0093 /* AudioToolbox.framework in Frameworks */,
				C05E71191E5E893B004836D0 /* libRobotBoard_Micro.a in Frameworks */,
				C0D9C8A51E5C339D008D0093 /* UIKit.framework in Frameworks */,
				C0D9C8A21E5C312C008D0093 /* libz.tbd in Frameworks */,
				C0D9C8A11E5C3125008D0093 /* libsqlite3.0.tbd in Frameworks */,
			);
			runOnlyForDeploymentPostprocessing = 0;
		};
/* End PBXFrameworksBuildPhase section */

/* Begin PBXGroup section */
		C05E71091E5E893B004836D0 /* RobotBoard_Micro */ = {
			isa = PBXGroup;
			children = (
				C05E710A1E5E893B004836D0 /* PenDevice.h */,
				C05E710B1E5E893B004836D0 /* PenHeader.h */,
				C05E710C1E5E893B004836D0 /* PenPoint.h */,
				C05E710D1E5E893B004836D0 /* PhotoImage.h */,
				C05E710E1E5E893B004836D0 /* PhotoImgView.h */,
				C05E710F1E5E893B004836D0 /* RobotNote.h */,
				C05E71101E5E893B004836D0 /* RobotPenManager.h */,
				C05E71111E5E893B004836D0 /* RobotSqlManager.h */,
				C05E71121E5E893B004836D0 /* RobotTrailBlock.h */,
				C05E71131E5E893B004836D0 /* RobotTrails.h */,
				C05E71141E5E893B004836D0 /* RobotWhiteBoard_MicroView.h */,
				C05E71151E5E893B004836D0 /* RobotWhiteBoardView.h */,
				C05E71161E5E893B004836D0 /* Video.h */,
				C05E71171E5E893B004836D0 /* VideoImageModel.h */,
				C05E71181E5E893B004836D0 /* WhiteBoardHeader.h */,
			);
			path = RobotBoard_Micro;
			sourceTree = "<group>";
		};
		C07C08061E5BCB3800D290A7 = {
			isa = PBXGroup;
			children = (
				C07C08111E5BCB3800D290A7 /* RobotBoardSDKDemo */,
				C07C08101E5BCB3800D290A7 /* Products */,
				C07C0AB81E5C1EF800D290A7 /* Frameworks */,
			);
			sourceTree = "<group>";
		};
		C07C08101E5BCB3800D290A7 /* Products */ = {
			isa = PBXGroup;
			children = (
				C07C080F1E5BCB3800D290A7 /* RobotBoardSDKDemo.app */,
			);
			name = Products;
			sourceTree = "<group>";
		};
		C07C08111E5BCB3800D290A7 /* RobotBoardSDKDemo */ = {
			isa = PBXGroup;
			children = (
				C07C084F1E5C1CC600D290A7 /* Libs */,
				C07C082F1E5BCE1F00D290A7 /* Other */,
				C07C082E1E5BCE0A00D290A7 /* Model */,
				C07C082D1E5BCDF800D290A7 /* Controller */,
				C07C082C1E5BCDEB00D290A7 /* View */,
				C07C081B1E5BCB3800D290A7 /* Main.storyboard */,
				C07C08211E5BCB3800D290A7 /* Assets.xcassets */,
				C07C08231E5BCB3800D290A7 /* LaunchScreen.storyboard */,
				C07C08261E5BCB3800D290A7 /* Info.plist */,
				C07C081E1E5BCB3800D290A7 /* RobotBoardSDKDemo.xcdatamodeld */,
				C07C08121E5BCB3800D290A7 /* Supporting Files */,
			);
			path = RobotBoardSDKDemo;
			sourceTree = "<group>";
		};
		C07C08121E5BCB3800D290A7 /* Supporting Files */ = {
			isa = PBXGroup;
			children = (
				C07C08131E5BCB3800D290A7 /* main.m */,
			);
			name = "Supporting Files";
			sourceTree = "<group>";
		};
		C07C082C1E5BCDEB00D290A7 /* View */ = {
			isa = PBXGroup;
			children = (
			);
			name = View;
			sourceTree = "<group>";
		};
		C07C082D1E5BCDF800D290A7 /* Controller */ = {
			isa = PBXGroup;
			children = (
				C0D9C8BB1E5D2F76008D0093 /* WhiteBoardLiveViewController.h */,
				C0D9C8BC1E5D2F76008D0093 /* WhiteBoardLiveViewController.m */,
				C0D9C8BD1E5D2F76008D0093 /* WhiteBoardLiveViewController.xib */,
				C0D9C8AE1E5C440C008D0093 /* WhiteBoardViewController.h */,
				C0D9C8AF1E5C440C008D0093 /* WhiteBoardViewController.m */,
				C0D9C8B01E5C440C008D0093 /* WhiteBoardViewController.xib */,
				C0D9C8A91E5C3D71008D0093 /* SearchDeviceViewController.h */,
				C0D9C8AA1E5C3D71008D0093 /* SearchDeviceViewController.m */,
				C0D9C8AB1E5C3D71008D0093 /* SearchDeviceViewController.xib */,
				C0D9C8B31E5D2D5E008D0093 /* WhiteBoardMicroViewController.h */,
				C0D9C8B41E5D2D5E008D0093 /* WhiteBoardMicroViewController.m */,
				C0D9C8B51E5D2D5E008D0093 /* WhiteBoardMicroViewController.xib */,
			);
			name = Controller;
			sourceTree = "<group>";
		};
		C07C082E1E5BCE0A00D290A7 /* Model */ = {
			isa = PBXGroup;
			children = (
			);
			name = Model;
			sourceTree = "<group>";
		};
		C07C082F1E5BCE1F00D290A7 /* Other */ = {
			isa = PBXGroup;
			children = (
				C07C0AC11E5C1F6600D290A7 /* Header.h */,
				C07C08151E5BCB3800D290A7 /* AppDelegate.h */,
				C07C08161E5BCB3800D290A7 /* AppDelegate.m */,
				C07C08181E5BCB3800D290A7 /* ViewController.h */,
				C07C08191E5BCB3800D290A7 /* ViewController.m */,
			);
			name = Other;
			sourceTree = "<group>";
		};
		C07C084F1E5C1CC600D290A7 /* Libs */ = {
			isa = PBXGroup;
			children = (
				C05E71081E5E893B004836D0 /* libRobotBoard_Micro.a */,
				C05E71091E5E893B004836D0 /* RobotBoard_Micro */,
			);
			path = Libs;
			sourceTree = "<group>";
		};
		C07C0AB81E5C1EF800D290A7 /* Frameworks */ = {
			isa = PBXGroup;
			children = (
				C0D9C9BA1E5D8B2F008D0093 /* CoreText.framework */,
				C0D9C9B81E5D8B27008D0093 /* CoreTelephony.framework */,
				C0D9C9B61E5D8AC9008D0093 /* AudioToolbox.framework */,
				C0D9C8A01E5C3125008D0093 /* libsqlite3.0.tbd */,
				C07C0ACA1E5C217500D290A7 /* libiconv.tbd */,
				C07C0AC81E5C216700D290A7 /* libsqlite3.tbd */,
				C07C0AC61E5C215B00D290A7 /* libz.tbd */,
				C07C0AC41E5C214B00D290A7 /* libc++.tbd */,
				C07C0ABF1E5C1F2D00D290A7 /* UIKit.framework */,
				C07C0ABD1E5C1F2000D290A7 /* Foundation.framework */,
				C07C0ABB1E5C1F0000D290A7 /* AVFoundation.framework */,
				C07C0AB91E5C1EF800D290A7 /* VideoToolbox.framework */,
			);
			name = Frameworks;
			sourceTree = "<group>";
		};
/* End PBXGroup section */

/* Begin PBXNativeTarget section */
		C07C080E1E5BCB3800D290A7 /* RobotBoardSDKDemo */ = {
			isa = PBXNativeTarget;
			buildConfigurationList = C07C08291E5BCB3800D290A7 /* Build configuration list for PBXNativeTarget "RobotBoardSDKDemo" */;
			buildPhases = (
				C07C080B1E5BCB3800D290A7 /* Sources */,
				C07C080C1E5BCB3800D290A7 /* Frameworks */,
				C07C080D1E5BCB3800D290A7 /* Resources */,
			);
			buildRules = (
			);
			dependencies = (
			);
			name = RobotBoardSDKDemo;
			productName = RobotBoardSDKDemo;
			productReference = C07C080F1E5BCB3800D290A7 /* RobotBoardSDKDemo.app */;
			productType = "com.apple.product-type.application";
		};
/* End PBXNativeTarget section */

/* Begin PBXProject section */
		C07C08071E5BCB3800D290A7 /* Project object */ = {
			isa = PBXProject;
			attributes = {
				LastUpgradeCheck = 0820;
				ORGANIZATIONNAME = JMS;
				TargetAttributes = {
					C07C080E1E5BCB3800D290A7 = {
						CreatedOnToolsVersion = 8.2.1;
						DevelopmentTeam = DYC8577H8P;
						ProvisioningStyle = Automatic;
					};
				};
			};
			buildConfigurationList = C07C080A1E5BCB3800D290A7 /* Build configuration list for PBXProject "RobotBoardSDKDemo" */;
			compatibilityVersion = "Xcode 3.2";
			developmentRegion = English;
			hasScannedForEncodings = 0;
			knownRegions = (
				en,
				Base,
			);
			mainGroup = C07C08061E5BCB3800D290A7;
			productRefGroup = C07C08101E5BCB3800D290A7 /* Products */;
			projectDirPath = "";
			projectRoot = "";
			targets = (
				C07C080E1E5BCB3800D290A7 /* RobotBoardSDKDemo */,
			);
		};
/* End PBXProject section */

/* Begin PBXResourcesBuildPhase section */
		C07C080D1E5BCB3800D290A7 /* Resources */ = {
			isa = PBXResourcesBuildPhase;
			buildActionMask = 2147483647;
			files = (
				C0D9C8BF1E5D2F76008D0093 /* WhiteBoardLiveViewController.xib in Resources */,
				C0D9C8AD1E5C3D71008D0093 /* SearchDeviceViewController.xib in Resources */,
				C0D9C8B21E5C440C008D0093 /* WhiteBoardViewController.xib in Resources */,
				C0D9C8B71E5D2D5E008D0093 /* WhiteBoardMicroViewController.xib in Resources */,
				C07C08251E5BCB3800D290A7 /* LaunchScreen.storyboard in Resources */,
				C07C08221E5BCB3800D290A7 /* Assets.xcassets in Resources */,
				C07C081D1E5BCB3800D290A7 /* Main.storyboard in Resources */,
			);
			runOnlyForDeploymentPostprocessing = 0;
		};
/* End PBXResourcesBuildPhase section */

/* Begin PBXSourcesBuildPhase section */
		C07C080B1E5BCB3800D290A7 /* Sources */ = {
			isa = PBXSourcesBuildPhase;
			buildActionMask = 2147483647;
			files = (
				C07C081A1E5BCB3800D290A7 /* ViewController.m in Sources */,
				C07C08171E5BCB3800D290A7 /* AppDelegate.m in Sources */,
				C07C08141E5BCB3800D290A7 /* main.m in Sources */,
				C0D9C8BE1E5D2F76008D0093 /* WhiteBoardLiveViewController.m in Sources */,
				C0D9C8B11E5C440C008D0093 /* WhiteBoardViewController.m in Sources */,
				C07C08201E5BCB3800D290A7 /* RobotBoardSDKDemo.xcdatamodeld in Sources */,
				C0D9C8AC1E5C3D71008D0093 /* SearchDeviceViewController.m in Sources */,
				C0D9C8B61E5D2D5E008D0093 /* WhiteBoardMicroViewController.m in Sources */,
			);
			runOnlyForDeploymentPostprocessing = 0;
		};
/* End PBXSourcesBuildPhase section */

/* Begin PBXVariantGroup section */
		C07C081B1E5BCB3800D290A7 /* Main.storyboard */ = {
			isa = PBXVariantGroup;
			children = (
				C07C081C1E5BCB3800D290A7 /* Base */,
			);
			name = Main.storyboard;
			sourceTree = "<group>";
		};
		C07C08231E5BCB3800D290A7 /* LaunchScreen.storyboard */ = {
			isa = PBXVariantGroup;
			children = (
				C07C08241E5BCB3800D290A7 /* Base */,
			);
			name = LaunchScreen.storyboard;
			sourceTree = "<group>";
		};
/* End PBXVariantGroup section */

/* Begin XCBuildConfiguration section */
		C07C08271E5BCB3800D290A7 /* Debug */ = {
			isa = XCBuildConfiguration;
			buildSettings = {
				ALWAYS_SEARCH_USER_PATHS = NO;
				CLANG_ANALYZER_NONNULL = YES;
				CLANG_CXX_LANGUAGE_STANDARD = "gnu++0x";
				CLANG_CXX_LIBRARY = "libc++";
				CLANG_ENABLE_MODULES = YES;
				CLANG_ENABLE_OBJC_ARC = YES;
				CLANG_WARN_BOOL_CONVERSION = YES;
				CLANG_WARN_CONSTANT_CONVERSION = YES;
				CLANG_WARN_DIRECT_OBJC_ISA_USAGE = YES_ERROR;
				CLANG_WARN_DOCUMENTATION_COMMENTS = YES;
				CLANG_WARN_EMPTY_BODY = YES;
				CLANG_WARN_ENUM_CONVERSION = YES;
				CLANG_WARN_INFINITE_RECURSION = YES;
				CLANG_WARN_INT_CONVERSION = YES;
				CLANG_WARN_OBJC_ROOT_CLASS = YES_ERROR;
				CLANG_WARN_SUSPICIOUS_MOVE = YES;
				CLANG_WARN_UNREACHABLE_CODE = YES;
				CLANG_WARN__DUPLICATE_METHOD_MATCH = YES;
				"CODE_SIGN_IDENTITY[sdk=iphoneos*]" = "iPhone Developer";
				COPY_PHASE_STRIP = NO;
				DEBUG_INFORMATION_FORMAT = dwarf;
				ENABLE_STRICT_OBJC_MSGSEND = YES;
				ENABLE_TESTABILITY = YES;
				GCC_C_LANGUAGE_STANDARD = gnu99;
				GCC_DYNAMIC_NO_PIC = NO;
				GCC_NO_COMMON_BLOCKS = YES;
				GCC_OPTIMIZATION_LEVEL = 0;
				GCC_PREPROCESSOR_DEFINITIONS = (
					"DEBUG=1",
					"$(inherited)",
				);
				GCC_WARN_64_TO_32_BIT_CONVERSION = YES;
				GCC_WARN_ABOUT_RETURN_TYPE = YES_ERROR;
				GCC_WARN_UNDECLARED_SELECTOR = YES;
				GCC_WARN_UNINITIALIZED_AUTOS = YES_AGGRESSIVE;
				GCC_WARN_UNUSED_FUNCTION = YES;
				GCC_WARN_UNUSED_VARIABLE = YES;
				IPHONEOS_DEPLOYMENT_TARGET = 10.2;
				MTL_ENABLE_DEBUG_INFO = YES;
				ONLY_ACTIVE_ARCH = YES;
				SDKROOT = iphoneos;
			};
			name = Debug;
		};
		C07C08281E5BCB3800D290A7 /* Release */ = {
			isa = XCBuildConfiguration;
			buildSettings = {
				ALWAYS_SEARCH_USER_PATHS = NO;
				CLANG_ANALYZER_NONNULL = YES;
				CLANG_CXX_LANGUAGE_STANDARD = "gnu++0x";
				CLANG_CXX_LIBRARY = "libc++";
				CLANG_ENABLE_MODULES = YES;
				CLANG_ENABLE_OBJC_ARC = YES;
				CLANG_WARN_BOOL_CONVERSION = YES;
				CLANG_WARN_CONSTANT_CONVERSION = YES;
				CLANG_WARN_DIRECT_OBJC_ISA_USAGE = YES_ERROR;
				CLANG_WARN_DOCUMENTATION_COMMENTS = YES;
				CLANG_WARN_EMPTY_BODY = YES;
				CLANG_WARN_ENUM_CONVERSION = YES;
				CLANG_WARN_INFINITE_RECURSION = YES;
				CLANG_WARN_INT_CONVERSION = YES;
				CLANG_WARN_OBJC_ROOT_CLASS = YES_ERROR;
				CLANG_WARN_SUSPICIOUS_MOVE = YES;
				CLANG_WARN_UNREACHABLE_CODE = YES;
				CLANG_WARN__DUPLICATE_METHOD_MATCH = YES;
				"CODE_SIGN_IDENTITY[sdk=iphoneos*]" = "iPhone Developer";
				COPY_PHASE_STRIP = NO;
				DEBUG_INFORMATION_FORMAT = "dwarf-with-dsym";
				ENABLE_NS_ASSERTIONS = NO;
				ENABLE_STRICT_OBJC_MSGSEND = YES;
				GCC_C_LANGUAGE_STANDARD = gnu99;
				GCC_NO_COMMON_BLOCKS = YES;
				GCC_WARN_64_TO_32_BIT_CONVERSION = YES;
				GCC_WARN_ABOUT_RETURN_TYPE = YES_ERROR;
				GCC_WARN_UNDECLARED_SELECTOR = YES;
				GCC_WARN_UNINITIALIZED_AUTOS = YES_AGGRESSIVE;
				GCC_WARN_UNUSED_FUNCTION = YES;
				GCC_WARN_UNUSED_VARIABLE = YES;
				IPHONEOS_DEPLOYMENT_TARGET = 10.2;
				MTL_ENABLE_DEBUG_INFO = NO;
				SDKROOT = iphoneos;
				VALIDATE_PRODUCT = YES;
			};
			name = Release;
		};
		C07C082A1E5BCB3800D290A7 /* Debug */ = {
			isa = XCBuildConfiguration;
			buildSettings = {
				ASSETCATALOG_COMPILER_APPICON_NAME = AppIcon;
				DEVELOPMENT_TEAM = DYC8577H8P;
				ENABLE_BITCODE = NO;
				FRAMEWORK_SEARCH_PATHS = (
					"$(inherited)",
					"$(PROJECT_DIR)/RobotBoardSDKDemo/Libs",
				);
				HEADER_SEARCH_PATHS = "$(PROJECT_DIR)/RobotBoardSDKDemo/Libs/Audio/include";
				INFOPLIST_FILE = RobotBoardSDKDemo/Info.plist;
				IPHONEOS_DEPLOYMENT_TARGET = 8.0;
				LD_RUNPATH_SEARCH_PATHS = "$(inherited) @executable_path/Frameworks";
				LIBRARY_SEARCH_PATHS = (
					"$(inherited)",
					"$(PROJECT_DIR)/RobotBoardSDKDemo/Libs/Audio/include",
					"$(PROJECT_DIR)/RobotBoardSDKDemo/Libs",
				);
				OTHER_LDFLAGS = "-ObjC";
				PRODUCT_BUNDLE_IDENTIFIER = jms.RobotBoardSDKDemo;
				PRODUCT_NAME = "$(TARGET_NAME)";
			};
			name = Debug;
		};
		C07C082B1E5BCB3800D290A7 /* Release */ = {
			isa = XCBuildConfiguration;
			buildSettings = {
				ASSETCATALOG_COMPILER_APPICON_NAME = AppIcon;
				DEVELOPMENT_TEAM = DYC8577H8P;
				ENABLE_BITCODE = NO;
				FRAMEWORK_SEARCH_PATHS = (
					"$(inherited)",
					"$(PROJECT_DIR)/RobotBoardSDKDemo/Libs",
				);
				HEADER_SEARCH_PATHS = "$(PROJECT_DIR)/RobotBoardSDKDemo/Libs/Audio/include";
				INFOPLIST_FILE = RobotBoardSDKDemo/Info.plist;
				IPHONEOS_DEPLOYMENT_TARGET = 8.0;
				LD_RUNPATH_SEARCH_PATHS = "$(inherited) @executable_path/Frameworks";
				LIBRARY_SEARCH_PATHS = (
					"$(inherited)",
					"$(PROJECT_DIR)/RobotBoardSDKDemo/Libs/Audio/include",
					"$(PROJECT_DIR)/RobotBoardSDKDemo/Libs",
				);
				OTHER_LDFLAGS = "-ObjC";
				PRODUCT_BUNDLE_IDENTIFIER = jms.RobotBoardSDKDemo;
				PRODUCT_NAME = "$(TARGET_NAME)";
			};
			name = Release;
		};
/* End XCBuildConfiguration section */

/* Begin XCConfigurationList section */
		C07C080A1E5BCB3800D290A7 /* Build configuration list for PBXProject "RobotBoardSDKDemo" */ = {
			isa = XCConfigurationList;
			buildConfigurations = (
				C07C08271E5BCB3800D290A7 /* Debug */,
				C07C08281E5BCB3800D290A7 /* Release */,
			);
			defaultConfigurationIsVisible = 0;
			defaultConfigurationName = Release;
		};
		C07C08291E5BCB3800D290A7 /* Build configuration list for PBXNativeTarget "RobotBoardSDKDemo" */ = {
			isa = XCConfigurationList;
			buildConfigurations = (
				C07C082A1E5BCB3800D290A7 /* Debug */,
				C07C082B1E5BCB3800D290A7 /* Release */,
			);
			defaultConfigurationIsVisible = 0;
			defaultConfigurationName = Release;
		};
/* End XCConfigurationList section */

/* Begin XCVersionGroup section */
		C07C081E1E5BCB3800D290A7 /* RobotBoardSDKDemo.xcdatamodeld */ = {
			isa = XCVersionGroup;
			children = (
				C07C081F1E5BCB3800D290A7 /* RobotBoardSDKDemo.xcdatamodel */,
			);
			currentVersion = C07C081F1E5BCB3800D290A7 /* RobotBoardSDKDemo.xcdatamodel */;
			path = RobotBoardSDKDemo.xcdatamodeld;
			sourceTree = "<group>";
			versionGroupType = wrapper.xcdatamodel;
		};
/* End XCVersionGroup section */
	};
	rootObject = C07C08071E5BCB3800D290A7 /* Project object */;
}
