// !$*UTF8*$!
{
	archiveVersion = 1;
	classes = {
	};
	objectVersion = 46;
	objects = {

/* Begin PBXBuildFile section */
		206B78F81E0CAFB900BA373B /* libRobotWhiteBoardSdk.a in Frameworks */ = {isa = PBXBuildFile; fileRef = 206B78E91E0CAFB900BA373B /* libRobotWhiteBoardSdk.a */; };
		206B79081E0CB05600BA373B /* ImgsResource.bundle in Resources */ = {isa = PBXBuildFile; fileRef = 206B78FB1E0CB05600BA373B /* ImgsResource.bundle */; };
		206B790A1E0CC5AB00BA373B /* pen.png in Resources */ = {isa = PBXBuildFile; fileRef = 206B79091E0CC5AB00BA373B /* pen.png */; };
		207A51A61E0B658700A2BC2A /* ManyCanvasViewController.m in Sources */ = {isa = PBXBuildFile; fileRef = 207A51A41E0B658700A2BC2A /* ManyCanvasViewController.m */; };
		207A51A71E0B658700A2BC2A /* ManyCanvasViewController.xib in Resources */ = {isa = PBXBuildFile; fileRef = 207A51A51E0B658700A2BC2A /* ManyCanvasViewController.xib */; };
		207A51E31E0BE0A900A2BC2A /* ManyCanvasFunctionViewController.m in Sources */ = {isa = PBXBuildFile; fileRef = 207A51E11E0BE0A800A2BC2A /* ManyCanvasFunctionViewController.m */; };
		207A51E41E0BE0A900A2BC2A /* ManyCanvasFunctionViewController.xib in Resources */ = {isa = PBXBuildFile; fileRef = 207A51E21E0BE0A800A2BC2A /* ManyCanvasFunctionViewController.xib */; };
		208B7C2C1E010B62007D6772 /* main.m in Sources */ = {isa = PBXBuildFile; fileRef = 208B7C2B1E010B62007D6772 /* main.m */; };
		208B7C2F1E010B62007D6772 /* AppDelegate.m in Sources */ = {isa = PBXBuildFile; fileRef = 208B7C2E1E010B62007D6772 /* AppDelegate.m */; };
		208B7C321E010B62007D6772 /* ViewController.m in Sources */ = {isa = PBXBuildFile; fileRef = 208B7C311E010B62007D6772 /* ViewController.m */; };
		208B7C351E010B62007D6772 /* Main.storyboard in Resources */ = {isa = PBXBuildFile; fileRef = 208B7C331E010B62007D6772 /* Main.storyboard */; };
		208B7C371E010B62007D6772 /* Assets.xcassets in Resources */ = {isa = PBXBuildFile; fileRef = 208B7C361E010B62007D6772 /* Assets.xcassets */; };
		208B7C3A1E010B62007D6772 /* LaunchScreen.storyboard in Resources */ = {isa = PBXBuildFile; fileRef = 208B7C381E010B62007D6772 /* LaunchScreen.storyboard */; };
		208B7C451E010B62007D6772 /* RobotBoardViewDemoTests.m in Sources */ = {isa = PBXBuildFile; fileRef = 208B7C441E010B62007D6772 /* RobotBoardViewDemoTests.m */; };
		208B7C501E010B63007D6772 /* RobotBoardViewDemoUITests.m in Sources */ = {isa = PBXBuildFile; fileRef = 208B7C4F1E010B63007D6772 /* RobotBoardViewDemoUITests.m */; };
		208B7C701E010E08007D6772 /* libz.tbd in Frameworks */ = {isa = PBXBuildFile; fileRef = 208B7C6F1E010E08007D6772 /* libz.tbd */; };
		208B7C721E010E10007D6772 /* libsqlite3.0.tbd in Frameworks */ = {isa = PBXBuildFile; fileRef = 208B7C711E010E10007D6772 /* libsqlite3.0.tbd */; };
		208B7C741E010E16007D6772 /* libsqlite3.tbd in Frameworks */ = {isa = PBXBuildFile; fileRef = 208B7C731E010E16007D6772 /* libsqlite3.tbd */; };
		208B7C781E01134B007D6772 /* SingleCanvasViewController.m in Sources */ = {isa = PBXBuildFile; fileRef = 208B7C761E01134B007D6772 /* SingleCanvasViewController.m */; };
		208B7C791E01134B007D6772 /* SingleCanvasViewController.xib in Resources */ = {isa = PBXBuildFile; fileRef = 208B7C771E01134B007D6772 /* SingleCanvasViewController.xib */; };
		208B7C7D1E011D0C007D6772 /* SetDemoViewController.m in Sources */ = {isa = PBXBuildFile; fileRef = 208B7C7B1E011D0C007D6772 /* SetDemoViewController.m */; };
		208B7C7E1E011D0C007D6772 /* SetDemoViewController.xib in Resources */ = {isa = PBXBuildFile; fileRef = 208B7C7C1E011D0C007D6772 /* SetDemoViewController.xib */; };
		20F0B54E1E012E54004627E9 /* DeviceInfoTableViewCell.m in Sources */ = {isa = PBXBuildFile; fileRef = 20F0B54D1E012E54004627E9 /* DeviceInfoTableViewCell.m */; };
/* End PBXBuildFile section */

/* Begin PBXContainerItemProxy section */
		208B7C411E010B62007D6772 /* PBXContainerItemProxy */ = {
			isa = PBXContainerItemProxy;
			containerPortal = 208B7C1F1E010B62007D6772 /* Project object */;
			proxyType = 1;
			remoteGlobalIDString = 208B7C261E010B62007D6772;
			remoteInfo = RobotBoardViewDemo;
		};
		208B7C4C1E010B63007D6772 /* PBXContainerItemProxy */ = {
			isa = PBXContainerItemProxy;
			containerPortal = 208B7C1F1E010B62007D6772 /* Project object */;
			proxyType = 1;
			remoteGlobalIDString = 208B7C261E010B62007D6772;
			remoteInfo = RobotBoardViewDemo;
		};
/* End PBXContainerItemProxy section */

/* Begin PBXFileReference section */
		206B78E91E0CAFB900BA373B /* libRobotWhiteBoardSdk.a */ = {isa = PBXFileReference; lastKnownFileType = archive.ar; path = libRobotWhiteBoardSdk.a; sourceTree = "<group>"; };
		206B78FB1E0CB05600BA373B /* ImgsResource.bundle */ = {isa = PBXFileReference; lastKnownFileType = "wrapper.plug-in"; path = ImgsResource.bundle; sourceTree = "<group>"; };
		206B78FC1E0CB05600BA373B /* Note.h */ = {isa = PBXFileReference; fileEncoding = 4; lastKnownFileType = sourcecode.c.h; path = Note.h; sourceTree = "<group>"; };
		206B78FD1E0CB05600BA373B /* PenDevice.h */ = {isa = PBXFileReference; fileEncoding = 4; lastKnownFileType = sourcecode.c.h; path = PenDevice.h; sourceTree = "<group>"; };
		206B78FE1E0CB05600BA373B /* PenHeader.h */ = {isa = PBXFileReference; fileEncoding = 4; lastKnownFileType = sourcecode.c.h; path = PenHeader.h; sourceTree = "<group>"; };
		206B78FF1E0CB05600BA373B /* PenPoint.h */ = {isa = PBXFileReference; fileEncoding = 4; lastKnownFileType = sourcecode.c.h; path = PenPoint.h; sourceTree = "<group>"; };
		206B79001E0CB05600BA373B /* RobotPenManager.h */ = {isa = PBXFileReference; fileEncoding = 4; lastKnownFileType = sourcecode.c.h; path = RobotPenManager.h; sourceTree = "<group>"; };
		206B79011E0CB05600BA373B /* RobotWhiteBoard_MicroView.h */ = {isa = PBXFileReference; fileEncoding = 4; lastKnownFileType = sourcecode.c.h; path = RobotWhiteBoard_MicroView.h; sourceTree = "<group>"; };
		206B79021E0CB05600BA373B /* RobotWhiteBoardSdk.h */ = {isa = PBXFileReference; fileEncoding = 4; lastKnownFileType = sourcecode.c.h; path = RobotWhiteBoardSdk.h; sourceTree = "<group>"; };
		206B79031E0CB05600BA373B /* RobotWhiteBoardView.h */ = {isa = PBXFileReference; fileEncoding = 4; lastKnownFileType = sourcecode.c.h; path = RobotWhiteBoardView.h; sourceTree = "<group>"; };
		206B79041E0CB05600BA373B /* SqlManager.h */ = {isa = PBXFileReference; fileEncoding = 4; lastKnownFileType = sourcecode.c.h; path = SqlManager.h; sourceTree = "<group>"; };
		206B79051E0CB05600BA373B /* Trails.h */ = {isa = PBXFileReference; fileEncoding = 4; lastKnownFileType = sourcecode.c.h; path = Trails.h; sourceTree = "<group>"; };
		206B79061E0CB05600BA373B /* Video.h */ = {isa = PBXFileReference; fileEncoding = 4; lastKnownFileType = sourcecode.c.h; path = Video.h; sourceTree = "<group>"; };
		206B79071E0CB05600BA373B /* WhiteBoardHeader.h */ = {isa = PBXFileReference; fileEncoding = 4; lastKnownFileType = sourcecode.c.h; path = WhiteBoardHeader.h; sourceTree = "<group>"; };
		206B79091E0CC5AB00BA373B /* pen.png */ = {isa = PBXFileReference; lastKnownFileType = image.png; name = pen.png; path = RobotWhiteBoardSdk/ImgsResource.bundle/pen.png; sourceTree = "<group>"; };
		207A51A31E0B658700A2BC2A /* ManyCanvasViewController.h */ = {isa = PBXFileReference; fileEncoding = 4; lastKnownFileType = sourcecode.c.h; path = ManyCanvasViewController.h; sourceTree = "<group>"; };
		207A51A41E0B658700A2BC2A /* ManyCanvasViewController.m */ = {isa = PBXFileReference; fileEncoding = 4; lastKnownFileType = sourcecode.c.objc; path = ManyCanvasViewController.m; sourceTree = "<group>"; };
		207A51A51E0B658700A2BC2A /* ManyCanvasViewController.xib */ = {isa = PBXFileReference; fileEncoding = 4; lastKnownFileType = file.xib; path = ManyCanvasViewController.xib; sourceTree = "<group>"; };
		207A51E01E0BE0A800A2BC2A /* ManyCanvasFunctionViewController.h */ = {isa = PBXFileReference; fileEncoding = 4; lastKnownFileType = sourcecode.c.h; path = ManyCanvasFunctionViewController.h; sourceTree = "<group>"; };
		207A51E11E0BE0A800A2BC2A /* ManyCanvasFunctionViewController.m */ = {isa = PBXFileReference; fileEncoding = 4; lastKnownFileType = sourcecode.c.objc; path = ManyCanvasFunctionViewController.m; sourceTree = "<group>"; };
		207A51E21E0BE0A800A2BC2A /* ManyCanvasFunctionViewController.xib */ = {isa = PBXFileReference; fileEncoding = 4; lastKnownFileType = file.xib; path = ManyCanvasFunctionViewController.xib; sourceTree = "<group>"; };
		208B7C271E010B62007D6772 /* RobotBoardViewDemo.app */ = {isa = PBXFileReference; explicitFileType = wrapper.application; includeInIndex = 0; path = RobotBoardViewDemo.app; sourceTree = BUILT_PRODUCTS_DIR; };
		208B7C2B1E010B62007D6772 /* main.m */ = {isa = PBXFileReference; lastKnownFileType = sourcecode.c.objc; path = main.m; sourceTree = "<group>"; };
		208B7C2D1E010B62007D6772 /* AppDelegate.h */ = {isa = PBXFileReference; lastKnownFileType = sourcecode.c.h; path = AppDelegate.h; sourceTree = "<group>"; };
		208B7C2E1E010B62007D6772 /* AppDelegate.m */ = {isa = PBXFileReference; lastKnownFileType = sourcecode.c.objc; path = AppDelegate.m; sourceTree = "<group>"; };
		208B7C301E010B62007D6772 /* ViewController.h */ = {isa = PBXFileReference; lastKnownFileType = sourcecode.c.h; path = ViewController.h; sourceTree = "<group>"; };
		208B7C311E010B62007D6772 /* ViewController.m */ = {isa = PBXFileReference; lastKnownFileType = sourcecode.c.objc; path = ViewController.m; sourceTree = "<group>"; };
		208B7C341E010B62007D6772 /* Base */ = {isa = PBXFileReference; lastKnownFileType = file.storyboard; name = Base; path = Base.lproj/Main.storyboard; sourceTree = "<group>"; };
		208B7C361E010B62007D6772 /* Assets.xcassets */ = {isa = PBXFileReference; lastKnownFileType = folder.assetcatalog; path = Assets.xcassets; sourceTree = "<group>"; };
		208B7C391E010B62007D6772 /* Base */ = {isa = PBXFileReference; lastKnownFileType = file.storyboard; name = Base; path = Base.lproj/LaunchScreen.storyboard; sourceTree = "<group>"; };
		208B7C3B1E010B62007D6772 /* Info.plist */ = {isa = PBXFileReference; lastKnownFileType = text.plist.xml; path = Info.plist; sourceTree = "<group>"; };
		208B7C401E010B62007D6772 /* RobotBoardViewDemoTests.xctest */ = {isa = PBXFileReference; explicitFileType = wrapper.cfbundle; includeInIndex = 0; path = RobotBoardViewDemoTests.xctest; sourceTree = BUILT_PRODUCTS_DIR; };
		208B7C441E010B62007D6772 /* RobotBoardViewDemoTests.m */ = {isa = PBXFileReference; lastKnownFileType = sourcecode.c.objc; path = RobotBoardViewDemoTests.m; sourceTree = "<group>"; };
		208B7C461E010B62007D6772 /* Info.plist */ = {isa = PBXFileReference; lastKnownFileType = text.plist.xml; path = Info.plist; sourceTree = "<group>"; };
		208B7C4B1E010B62007D6772 /* RobotBoardViewDemoUITests.xctest */ = {isa = PBXFileReference; explicitFileType = wrapper.cfbundle; includeInIndex = 0; path = RobotBoardViewDemoUITests.xctest; sourceTree = BUILT_PRODUCTS_DIR; };
		208B7C4F1E010B63007D6772 /* RobotBoardViewDemoUITests.m */ = {isa = PBXFileReference; lastKnownFileType = sourcecode.c.objc; path = RobotBoardViewDemoUITests.m; sourceTree = "<group>"; };
		208B7C511E010B63007D6772 /* Info.plist */ = {isa = PBXFileReference; lastKnownFileType = text.plist.xml; path = Info.plist; sourceTree = "<group>"; };
		208B7C6F1E010E08007D6772 /* libz.tbd */ = {isa = PBXFileReference; lastKnownFileType = "sourcecode.text-based-dylib-definition"; name = libz.tbd; path = usr/lib/libz.tbd; sourceTree = SDKROOT; };
		208B7C711E010E10007D6772 /* libsqlite3.0.tbd */ = {isa = PBXFileReference; lastKnownFileType = "sourcecode.text-based-dylib-definition"; name = libsqlite3.0.tbd; path = usr/lib/libsqlite3.0.tbd; sourceTree = SDKROOT; };
		208B7C731E010E16007D6772 /* libsqlite3.tbd */ = {isa = PBXFileReference; lastKnownFileType = "sourcecode.text-based-dylib-definition"; name = libsqlite3.tbd; path = usr/lib/libsqlite3.tbd; sourceTree = SDKROOT; };
		208B7C751E01134B007D6772 /* SingleCanvasViewController.h */ = {isa = PBXFileReference; fileEncoding = 4; lastKnownFileType = sourcecode.c.h; path = SingleCanvasViewController.h; sourceTree = "<group>"; };
		208B7C761E01134B007D6772 /* SingleCanvasViewController.m */ = {isa = PBXFileReference; fileEncoding = 4; lastKnownFileType = sourcecode.c.objc; path = SingleCanvasViewController.m; sourceTree = "<group>"; };
		208B7C771E01134B007D6772 /* SingleCanvasViewController.xib */ = {isa = PBXFileReference; fileEncoding = 4; lastKnownFileType = file.xib; path = SingleCanvasViewController.xib; sourceTree = "<group>"; };
		208B7C7A1E011D0C007D6772 /* SetDemoViewController.h */ = {isa = PBXFileReference; fileEncoding = 4; lastKnownFileType = sourcecode.c.h; path = SetDemoViewController.h; sourceTree = "<group>"; };
		208B7C7B1E011D0C007D6772 /* SetDemoViewController.m */ = {isa = PBXFileReference; fileEncoding = 4; lastKnownFileType = sourcecode.c.objc; path = SetDemoViewController.m; sourceTree = "<group>"; };
		208B7C7C1E011D0C007D6772 /* SetDemoViewController.xib */ = {isa = PBXFileReference; fileEncoding = 4; lastKnownFileType = file.xib; path = SetDemoViewController.xib; sourceTree = "<group>"; };
		20F0B54C1E012E54004627E9 /* DeviceInfoTableViewCell.h */ = {isa = PBXFileReference; fileEncoding = 4; lastKnownFileType = sourcecode.c.h; path = DeviceInfoTableViewCell.h; sourceTree = "<group>"; };
		20F0B54D1E012E54004627E9 /* DeviceInfoTableViewCell.m */ = {isa = PBXFileReference; fileEncoding = 4; lastKnownFileType = sourcecode.c.objc; path = DeviceInfoTableViewCell.m; sourceTree = "<group>"; };
/* End PBXFileReference section */

/* Begin PBXFrameworksBuildPhase section */
		208B7C241E010B62007D6772 /* Frameworks */ = {
			isa = PBXFrameworksBuildPhase;
			buildActionMask = 2147483647;
			files = (
				208B7C741E010E16007D6772 /* libsqlite3.tbd in Frameworks */,
				208B7C721E010E10007D6772 /* libsqlite3.0.tbd in Frameworks */,
				208B7C701E010E08007D6772 /* libz.tbd in Frameworks */,
				206B78F81E0CAFB900BA373B /* libRobotWhiteBoardSdk.a in Frameworks */,
			);
			runOnlyForDeploymentPostprocessing = 0;
		};
		208B7C3D1E010B62007D6772 /* Frameworks */ = {
			isa = PBXFrameworksBuildPhase;
			buildActionMask = 2147483647;
			files = (
			);
			runOnlyForDeploymentPostprocessing = 0;
		};
		208B7C481E010B62007D6772 /* Frameworks */ = {
			isa = PBXFrameworksBuildPhase;
			buildActionMask = 2147483647;
			files = (
			);
			runOnlyForDeploymentPostprocessing = 0;
		};
/* End PBXFrameworksBuildPhase section */

/* Begin PBXGroup section */
		206B78FA1E0CB05600BA373B /* RobotWhiteBoardSdk */ = {
			isa = PBXGroup;
			children = (
				206B78FB1E0CB05600BA373B /* ImgsResource.bundle */,
				206B78FC1E0CB05600BA373B /* Note.h */,
				206B78FD1E0CB05600BA373B /* PenDevice.h */,
				206B78FE1E0CB05600BA373B /* PenHeader.h */,
				206B78FF1E0CB05600BA373B /* PenPoint.h */,
				206B79001E0CB05600BA373B /* RobotPenManager.h */,
				206B79011E0CB05600BA373B /* RobotWhiteBoard_MicroView.h */,
				206B79021E0CB05600BA373B /* RobotWhiteBoardSdk.h */,
				206B79031E0CB05600BA373B /* RobotWhiteBoardView.h */,
				206B79041E0CB05600BA373B /* SqlManager.h */,
				206B79051E0CB05600BA373B /* Trails.h */,
				206B79061E0CB05600BA373B /* Video.h */,
				206B79071E0CB05600BA373B /* WhiteBoardHeader.h */,
			);
			path = RobotWhiteBoardSdk;
			sourceTree = "<group>";
		};
		208B7C1E1E010B62007D6772 = {
			isa = PBXGroup;
			children = (
				208B7C291E010B62007D6772 /* RobotBoardViewDemo */,
				208B7C431E010B62007D6772 /* RobotBoardViewDemoTests */,
				208B7C4E1E010B63007D6772 /* RobotBoardViewDemoUITests */,
				208B7C281E010B62007D6772 /* Products */,
				208B7C6E1E010E08007D6772 /* Frameworks */,
			);
			sourceTree = "<group>";
		};
		208B7C281E010B62007D6772 /* Products */ = {
			isa = PBXGroup;
			children = (
				208B7C271E010B62007D6772 /* RobotBoardViewDemo.app */,
				208B7C401E010B62007D6772 /* RobotBoardViewDemoTests.xctest */,
				208B7C4B1E010B62007D6772 /* RobotBoardViewDemoUITests.xctest */,
			);
			name = Products;
			sourceTree = "<group>";
		};
		208B7C291E010B62007D6772 /* RobotBoardViewDemo */ = {
			isa = PBXGroup;
			children = (
				206B78E91E0CAFB900BA373B /* libRobotWhiteBoardSdk.a */,
				206B78FA1E0CB05600BA373B /* RobotWhiteBoardSdk */,
				208B7C2E1E010B62007D6772 /* AppDelegate.m */,
				208B7C2D1E010B62007D6772 /* AppDelegate.h */,
				208B7C301E010B62007D6772 /* ViewController.h */,
				208B7C311E010B62007D6772 /* ViewController.m */,
				208B7C7F1E0126D8007D6772 /* 搜索设备 */,
				208B7C751E01134B007D6772 /* SingleCanvasViewController.h */,
				208B7C761E01134B007D6772 /* SingleCanvasViewController.m */,
				208B7C771E01134B007D6772 /* SingleCanvasViewController.xib */,
				206B79091E0CC5AB00BA373B /* pen.png */,
				207A51A31E0B658700A2BC2A /* ManyCanvasViewController.h */,
				207A51A41E0B658700A2BC2A /* ManyCanvasViewController.m */,
				207A51A51E0B658700A2BC2A /* ManyCanvasViewController.xib */,
				207A51E01E0BE0A800A2BC2A /* ManyCanvasFunctionViewController.h */,
				207A51E11E0BE0A800A2BC2A /* ManyCanvasFunctionViewController.m */,
				207A51E21E0BE0A800A2BC2A /* ManyCanvasFunctionViewController.xib */,
				208B7C331E010B62007D6772 /* Main.storyboard */,
				208B7C361E010B62007D6772 /* Assets.xcassets */,
				208B7C381E010B62007D6772 /* LaunchScreen.storyboard */,
				208B7C3B1E010B62007D6772 /* Info.plist */,
				208B7C2A1E010B62007D6772 /* Supporting Files */,
			);
			path = RobotBoardViewDemo;
			sourceTree = "<group>";
		};
		208B7C2A1E010B62007D6772 /* Supporting Files */ = {
			isa = PBXGroup;
			children = (
				208B7C2B1E010B62007D6772 /* main.m */,
			);
			name = "Supporting Files";
			sourceTree = "<group>";
		};
		208B7C431E010B62007D6772 /* RobotBoardViewDemoTests */ = {
			isa = PBXGroup;
			children = (
				208B7C441E010B62007D6772 /* RobotBoardViewDemoTests.m */,
				208B7C461E010B62007D6772 /* Info.plist */,
			);
			path = RobotBoardViewDemoTests;
			sourceTree = "<group>";
		};
		208B7C4E1E010B63007D6772 /* RobotBoardViewDemoUITests */ = {
			isa = PBXGroup;
			children = (
				208B7C4F1E010B63007D6772 /* RobotBoardViewDemoUITests.m */,
				208B7C511E010B63007D6772 /* Info.plist */,
			);
			path = RobotBoardViewDemoUITests;
			sourceTree = "<group>";
		};
		208B7C6E1E010E08007D6772 /* Frameworks */ = {
			isa = PBXGroup;
			children = (
				208B7C731E010E16007D6772 /* libsqlite3.tbd */,
				208B7C711E010E10007D6772 /* libsqlite3.0.tbd */,
				208B7C6F1E010E08007D6772 /* libz.tbd */,
			);
			name = Frameworks;
			sourceTree = "<group>";
		};
		208B7C7F1E0126D8007D6772 /* 搜索设备 */ = {
			isa = PBXGroup;
			children = (
				208B7C7A1E011D0C007D6772 /* SetDemoViewController.h */,
				208B7C7B1E011D0C007D6772 /* SetDemoViewController.m */,
				208B7C7C1E011D0C007D6772 /* SetDemoViewController.xib */,
				20F0B54C1E012E54004627E9 /* DeviceInfoTableViewCell.h */,
				20F0B54D1E012E54004627E9 /* DeviceInfoTableViewCell.m */,
			);
			name = "搜索设备";
			sourceTree = "<group>";
		};
/* End PBXGroup section */

/* Begin PBXNativeTarget section */
		208B7C261E010B62007D6772 /* RobotBoardViewDemo */ = {
			isa = PBXNativeTarget;
			buildConfigurationList = 208B7C541E010B63007D6772 /* Build configuration list for PBXNativeTarget "RobotBoardViewDemo" */;
			buildPhases = (
				208B7C231E010B62007D6772 /* Sources */,
				208B7C241E010B62007D6772 /* Frameworks */,
				208B7C251E010B62007D6772 /* Resources */,
			);
			buildRules = (
			);
			dependencies = (
			);
			name = RobotBoardViewDemo;
			productName = RobotBoardViewDemo;
			productReference = 208B7C271E010B62007D6772 /* RobotBoardViewDemo.app */;
			productType = "com.apple.product-type.application";
		};
		208B7C3F1E010B62007D6772 /* RobotBoardViewDemoTests */ = {
			isa = PBXNativeTarget;
			buildConfigurationList = 208B7C571E010B63007D6772 /* Build configuration list for PBXNativeTarget "RobotBoardViewDemoTests" */;
			buildPhases = (
				208B7C3C1E010B62007D6772 /* Sources */,
				208B7C3D1E010B62007D6772 /* Frameworks */,
				208B7C3E1E010B62007D6772 /* Resources */,
			);
			buildRules = (
			);
			dependencies = (
				208B7C421E010B62007D6772 /* PBXTargetDependency */,
			);
			name = RobotBoardViewDemoTests;
			productName = RobotBoardViewDemoTests;
			productReference = 208B7C401E010B62007D6772 /* RobotBoardViewDemoTests.xctest */;
			productType = "com.apple.product-type.bundle.unit-test";
		};
		208B7C4A1E010B62007D6772 /* RobotBoardViewDemoUITests */ = {
			isa = PBXNativeTarget;
			buildConfigurationList = 208B7C5A1E010B63007D6772 /* Build configuration list for PBXNativeTarget "RobotBoardViewDemoUITests" */;
			buildPhases = (
				208B7C471E010B62007D6772 /* Sources */,
				208B7C481E010B62007D6772 /* Frameworks */,
				208B7C491E010B62007D6772 /* Resources */,
			);
			buildRules = (
			);
			dependencies = (
				208B7C4D1E010B63007D6772 /* PBXTargetDependency */,
			);
			name = RobotBoardViewDemoUITests;
			productName = RobotBoardViewDemoUITests;
			productReference = 208B7C4B1E010B62007D6772 /* RobotBoardViewDemoUITests.xctest */;
			productType = "com.apple.product-type.bundle.ui-testing";
		};
/* End PBXNativeTarget section */

/* Begin PBXProject section */
		208B7C1F1E010B62007D6772 /* Project object */ = {
			isa = PBXProject;
			attributes = {
				LastUpgradeCheck = 0810;
				ORGANIZATIONNAME = robotPen;
				TargetAttributes = {
					208B7C261E010B62007D6772 = {
						CreatedOnToolsVersion = 8.1;
						DevelopmentTeam = DYC8577H8P;
						ProvisioningStyle = Automatic;
					};
					208B7C3F1E010B62007D6772 = {
						CreatedOnToolsVersion = 8.1;
						DevelopmentTeam = DYC8577H8P;
						ProvisioningStyle = Automatic;
						TestTargetID = 208B7C261E010B62007D6772;
					};
					208B7C4A1E010B62007D6772 = {
						CreatedOnToolsVersion = 8.1;
						DevelopmentTeam = DYC8577H8P;
						ProvisioningStyle = Automatic;
						TestTargetID = 208B7C261E010B62007D6772;
					};
				};
			};
			buildConfigurationList = 208B7C221E010B62007D6772 /* Build configuration list for PBXProject "RobotBoardViewDemo" */;
			compatibilityVersion = "Xcode 3.2";
			developmentRegion = English;
			hasScannedForEncodings = 0;
			knownRegions = (
				en,
				Base,
			);
			mainGroup = 208B7C1E1E010B62007D6772;
			productRefGroup = 208B7C281E010B62007D6772 /* Products */;
			projectDirPath = "";
			projectRoot = "";
			targets = (
				208B7C261E010B62007D6772 /* RobotBoardViewDemo */,
				208B7C3F1E010B62007D6772 /* RobotBoardViewDemoTests */,
				208B7C4A1E010B62007D6772 /* RobotBoardViewDemoUITests */,
			);
		};
/* End PBXProject section */

/* Begin PBXResourcesBuildPhase section */
		208B7C251E010B62007D6772 /* Resources */ = {
			isa = PBXResourcesBuildPhase;
			buildActionMask = 2147483647;
			files = (
				206B790A1E0CC5AB00BA373B /* pen.png in Resources */,
				208B7C3A1E010B62007D6772 /* LaunchScreen.storyboard in Resources */,
				208B7C371E010B62007D6772 /* Assets.xcassets in Resources */,
				207A51E41E0BE0A900A2BC2A /* ManyCanvasFunctionViewController.xib in Resources */,
				206B79081E0CB05600BA373B /* ImgsResource.bundle in Resources */,
				208B7C7E1E011D0C007D6772 /* SetDemoViewController.xib in Resources */,
				208B7C351E010B62007D6772 /* Main.storyboard in Resources */,
				208B7C791E01134B007D6772 /* SingleCanvasViewController.xib in Resources */,
				207A51A71E0B658700A2BC2A /* ManyCanvasViewController.xib in Resources */,
			);
			runOnlyForDeploymentPostprocessing = 0;
		};
		208B7C3E1E010B62007D6772 /* Resources */ = {
			isa = PBXResourcesBuildPhase;
			buildActionMask = 2147483647;
			files = (
			);
			runOnlyForDeploymentPostprocessing = 0;
		};
		208B7C491E010B62007D6772 /* Resources */ = {
			isa = PBXResourcesBuildPhase;
			buildActionMask = 2147483647;
			files = (
			);
			runOnlyForDeploymentPostprocessing = 0;
		};
/* End PBXResourcesBuildPhase section */

/* Begin PBXSourcesBuildPhase section */
		208B7C231E010B62007D6772 /* Sources */ = {
			isa = PBXSourcesBuildPhase;
			buildActionMask = 2147483647;
			files = (
				207A51E31E0BE0A900A2BC2A /* ManyCanvasFunctionViewController.m in Sources */,
				207A51A61E0B658700A2BC2A /* ManyCanvasViewController.m in Sources */,
				208B7C781E01134B007D6772 /* SingleCanvasViewController.m in Sources */,
				20F0B54E1E012E54004627E9 /* DeviceInfoTableViewCell.m in Sources */,
				208B7C321E010B62007D6772 /* ViewController.m in Sources */,
				208B7C7D1E011D0C007D6772 /* SetDemoViewController.m in Sources */,
				208B7C2F1E010B62007D6772 /* AppDelegate.m in Sources */,
				208B7C2C1E010B62007D6772 /* main.m in Sources */,
			);
			runOnlyForDeploymentPostprocessing = 0;
		};
		208B7C3C1E010B62007D6772 /* Sources */ = {
			isa = PBXSourcesBuildPhase;
			buildActionMask = 2147483647;
			files = (
				208B7C451E010B62007D6772 /* RobotBoardViewDemoTests.m in Sources */,
			);
			runOnlyForDeploymentPostprocessing = 0;
		};
		208B7C471E010B62007D6772 /* Sources */ = {
			isa = PBXSourcesBuildPhase;
			buildActionMask = 2147483647;
			files = (
				208B7C501E010B63007D6772 /* RobotBoardViewDemoUITests.m in Sources */,
			);
			runOnlyForDeploymentPostprocessing = 0;
		};
/* End PBXSourcesBuildPhase section */

/* Begin PBXTargetDependency section */
		208B7C421E010B62007D6772 /* PBXTargetDependency */ = {
			isa = PBXTargetDependency;
			target = 208B7C261E010B62007D6772 /* RobotBoardViewDemo */;
			targetProxy = 208B7C411E010B62007D6772 /* PBXContainerItemProxy */;
		};
		208B7C4D1E010B63007D6772 /* PBXTargetDependency */ = {
			isa = PBXTargetDependency;
			target = 208B7C261E010B62007D6772 /* RobotBoardViewDemo */;
			targetProxy = 208B7C4C1E010B63007D6772 /* PBXContainerItemProxy */;
		};
/* End PBXTargetDependency section */

/* Begin PBXVariantGroup section */
		208B7C331E010B62007D6772 /* Main.storyboard */ = {
			isa = PBXVariantGroup;
			children = (
				208B7C341E010B62007D6772 /* Base */,
			);
			name = Main.storyboard;
			sourceTree = "<group>";
		};
		208B7C381E010B62007D6772 /* LaunchScreen.storyboard */ = {
			isa = PBXVariantGroup;
			children = (
				208B7C391E010B62007D6772 /* Base */,
			);
			name = LaunchScreen.storyboard;
			sourceTree = "<group>";
		};
/* End PBXVariantGroup section */

/* Begin XCBuildConfiguration section */
		208B7C521E010B63007D6772 /* Debug */ = {
			isa = XCBuildConfiguration;
			buildSettings = {
				ALWAYS_SEARCH_USER_PATHS = NO;
				CLANG_ANALYZER_NONNULL = YES;
				CLANG_CXX_LANGUAGE_STANDARD = "gnu++0x";
				CLANG_CXX_LIBRARY = "libc++";
				CLANG_ENABLE_MODULES = YES;
				CLANG_ENABLE_OBJC_ARC = YES;
				CLANG_WARN_BOOL_CONVERSION = YES;
				CLANG_WARN_CONSTANT_CONVERSION = YES;
				CLANG_WARN_DIRECT_OBJC_ISA_USAGE = YES_ERROR;
				CLANG_WARN_DOCUMENTATION_COMMENTS = YES;
				CLANG_WARN_EMPTY_BODY = YES;
				CLANG_WARN_ENUM_CONVERSION = YES;
				CLANG_WARN_INFINITE_RECURSION = YES;
				CLANG_WARN_INT_CONVERSION = YES;
				CLANG_WARN_OBJC_ROOT_CLASS = YES_ERROR;
				CLANG_WARN_SUSPICIOUS_MOVES = YES;
				CLANG_WARN_UNREACHABLE_CODE = YES;
				CLANG_WARN__DUPLICATE_METHOD_MATCH = YES;
				"CODE_SIGN_IDENTITY[sdk=iphoneos*]" = "iPhone Developer";
				COPY_PHASE_STRIP = NO;
				DEBUG_INFORMATION_FORMAT = dwarf;
				ENABLE_STRICT_OBJC_MSGSEND = YES;
				ENABLE_TESTABILITY = YES;
				GCC_C_LANGUAGE_STANDARD = gnu99;
				GCC_DYNAMIC_NO_PIC = NO;
				GCC_NO_COMMON_BLOCKS = YES;
				GCC_OPTIMIZATION_LEVEL = 0;
				GCC_PREPROCESSOR_DEFINITIONS = (
					"DEBUG=1",
					"$(inherited)",
				);
				GCC_WARN_64_TO_32_BIT_CONVERSION = YES;
				GCC_WARN_ABOUT_RETURN_TYPE = YES_ERROR;
				GCC_WARN_UNDECLARED_SELECTOR = YES;
				GCC_WARN_UNINITIALIZED_AUTOS = YES_AGGRESSIVE;
				GCC_WARN_UNUSED_FUNCTION = YES;
				GCC_WARN_UNUSED_VARIABLE = YES;
				IPHONEOS_DEPLOYMENT_TARGET = 10.1;
				MTL_ENABLE_DEBUG_INFO = YES;
				ONLY_ACTIVE_ARCH = YES;
				SDKROOT = iphoneos;
				TARGETED_DEVICE_FAMILY = "1,2";
				USER_HEADER_SEARCH_PATHS = "";
			};
			name = Debug;
		};
		208B7C531E010B63007D6772 /* Release */ = {
			isa = XCBuildConfiguration;
			buildSettings = {
				ALWAYS_SEARCH_USER_PATHS = NO;
				CLANG_ANALYZER_NONNULL = YES;
				CLANG_CXX_LANGUAGE_STANDARD = "gnu++0x";
				CLANG_CXX_LIBRARY = "libc++";
				CLANG_ENABLE_MODULES = YES;
				CLANG_ENABLE_OBJC_ARC = YES;
				CLANG_WARN_BOOL_CONVERSION = YES;
				CLANG_WARN_CONSTANT_CONVERSION = YES;
				CLANG_WARN_DIRECT_OBJC_ISA_USAGE = YES_ERROR;
				CLANG_WARN_DOCUMENTATION_COMMENTS = YES;
				CLANG_WARN_EMPTY_BODY = YES;
				CLANG_WARN_ENUM_CONVERSION = YES;
				CLANG_WARN_INFINITE_RECURSION = YES;
				CLANG_WARN_INT_CONVERSION = YES;
				CLANG_WARN_OBJC_ROOT_CLASS = YES_ERROR;
				CLANG_WARN_SUSPICIOUS_MOVES = YES;
				CLANG_WARN_UNREACHABLE_CODE = YES;
				CLANG_WARN__DUPLICATE_METHOD_MATCH = YES;
				"CODE_SIGN_IDENTITY[sdk=iphoneos*]" = "iPhone Developer";
				COPY_PHASE_STRIP = NO;
				DEBUG_INFORMATION_FORMAT = "dwarf-with-dsym";
				ENABLE_NS_ASSERTIONS = NO;
				ENABLE_STRICT_OBJC_MSGSEND = YES;
				GCC_C_LANGUAGE_STANDARD = gnu99;
				GCC_NO_COMMON_BLOCKS = YES;
				GCC_WARN_64_TO_32_BIT_CONVERSION = YES;
				GCC_WARN_ABOUT_RETURN_TYPE = YES_ERROR;
				GCC_WARN_UNDECLARED_SELECTOR = YES;
				GCC_WARN_UNINITIALIZED_AUTOS = YES_AGGRESSIVE;
				GCC_WARN_UNUSED_FUNCTION = YES;
				GCC_WARN_UNUSED_VARIABLE = YES;
				IPHONEOS_DEPLOYMENT_TARGET = 10.1;
				MTL_ENABLE_DEBUG_INFO = NO;
				SDKROOT = iphoneos;
				TARGETED_DEVICE_FAMILY = "1,2";
				USER_HEADER_SEARCH_PATHS = "";
				VALIDATE_PRODUCT = YES;
			};
			name = Release;
		};
		208B7C551E010B63007D6772 /* Debug */ = {
			isa = XCBuildConfiguration;
			buildSettings = {
				ASSETCATALOG_COMPILER_APPICON_NAME = AppIcon;
				DEVELOPMENT_TEAM = DYC8577H8P;
				ENABLE_BITCODE = NO;
				FRAMEWORK_SEARCH_PATHS = "$(PROJECT_DIR)/RobotBoardViewDemo/include";
				HEADER_SEARCH_PATHS = "$(PROJECT_DIR)/RobotBoardViewDemo/include";
				INFOPLIST_FILE = RobotBoardViewDemo/Info.plist;
				IPHONEOS_DEPLOYMENT_TARGET = 10.1;
				LD_RUNPATH_SEARCH_PATHS = "$(inherited) @executable_path/Frameworks";
				LIBRARY_SEARCH_PATHS = (
					"$(inherited)",
					"$(PROJECT_DIR)/RobotBoardViewDemo",
					"$(PROJECT_DIR)/RobotBoardViewDemo/RobotWhiteBoardSdk/Audio/include",
					"$(PROJECT_DIR)/RobotBoardViewDemo/include",
				);
				OTHER_LDFLAGS = "-ObjC";
				PRODUCT_BUNDLE_IDENTIFIER = app.robotPen.cn.RobotBoardViewDemo;
				PRODUCT_NAME = "$(TARGET_NAME)";
				USER_HEADER_SEARCH_PATHS = "";
			};
			name = Debug;
		};
		208B7C561E010B63007D6772 /* Release */ = {
			isa = XCBuildConfiguration;
			buildSettings = {
				ASSETCATALOG_COMPILER_APPICON_NAME = AppIcon;
				DEVELOPMENT_TEAM = DYC8577H8P;
				ENABLE_BITCODE = NO;
				FRAMEWORK_SEARCH_PATHS = "$(PROJECT_DIR)/RobotBoardViewDemo/include";
				HEADER_SEARCH_PATHS = "$(PROJECT_DIR)/RobotBoardViewDemo/include";
				INFOPLIST_FILE = RobotBoardViewDemo/Info.plist;
				IPHONEOS_DEPLOYMENT_TARGET = 10.1;
				LD_RUNPATH_SEARCH_PATHS = "$(inherited) @executable_path/Frameworks";
				LIBRARY_SEARCH_PATHS = (
					"$(inherited)",
					"$(PROJECT_DIR)/RobotBoardViewDemo",
					"$(PROJECT_DIR)/RobotBoardViewDemo/RobotWhiteBoardSdk/Audio/include",
					"$(PROJECT_DIR)/RobotBoardViewDemo/include",
				);
				OTHER_LDFLAGS = "-ObjC";
				PRODUCT_BUNDLE_IDENTIFIER = app.robotPen.cn.RobotBoardViewDemo;
				PRODUCT_NAME = "$(TARGET_NAME)";
				USER_HEADER_SEARCH_PATHS = "";
			};
			name = Release;
		};
		208B7C581E010B63007D6772 /* Debug */ = {
			isa = XCBuildConfiguration;
			buildSettings = {
				BUNDLE_LOADER = "$(TEST_HOST)";
				DEVELOPMENT_TEAM = DYC8577H8P;
				INFOPLIST_FILE = RobotBoardViewDemoTests/Info.plist;
				LD_RUNPATH_SEARCH_PATHS = "$(inherited) @executable_path/Frameworks @loader_path/Frameworks";
				PRODUCT_BUNDLE_IDENTIFIER = app.robotPen.cn.RobotBoardViewDemoTests;
				PRODUCT_NAME = "$(TARGET_NAME)";
				TEST_HOST = "$(BUILT_PRODUCTS_DIR)/RobotBoardViewDemo.app/RobotBoardViewDemo";
			};
			name = Debug;
		};
		208B7C591E010B63007D6772 /* Release */ = {
			isa = XCBuildConfiguration;
			buildSettings = {
				BUNDLE_LOADER = "$(TEST_HOST)";
				DEVELOPMENT_TEAM = DYC8577H8P;
				INFOPLIST_FILE = RobotBoardViewDemoTests/Info.plist;
				LD_RUNPATH_SEARCH_PATHS = "$(inherited) @executable_path/Frameworks @loader_path/Frameworks";
				PRODUCT_BUNDLE_IDENTIFIER = app.robotPen.cn.RobotBoardViewDemoTests;
				PRODUCT_NAME = "$(TARGET_NAME)";
				TEST_HOST = "$(BUILT_PRODUCTS_DIR)/RobotBoardViewDemo.app/RobotBoardViewDemo";
			};
			name = Release;
		};
		208B7C5B1E010B63007D6772 /* Debug */ = {
			isa = XCBuildConfiguration;
			buildSettings = {
				DEVELOPMENT_TEAM = DYC8577H8P;
				INFOPLIST_FILE = RobotBoardViewDemoUITests/Info.plist;
				LD_RUNPATH_SEARCH_PATHS = "$(inherited) @executable_path/Frameworks @loader_path/Frameworks";
				PRODUCT_BUNDLE_IDENTIFIER = app.robotPen.cn.RobotBoardViewDemoUITests;
				PRODUCT_NAME = "$(TARGET_NAME)";
				TEST_TARGET_NAME = RobotBoardViewDemo;
			};
			name = Debug;
		};
		208B7C5C1E010B63007D6772 /* Release */ = {
			isa = XCBuildConfiguration;
			buildSettings = {
				DEVELOPMENT_TEAM = DYC8577H8P;
				INFOPLIST_FILE = RobotBoardViewDemoUITests/Info.plist;
				LD_RUNPATH_SEARCH_PATHS = "$(inherited) @executable_path/Frameworks @loader_path/Frameworks";
				PRODUCT_BUNDLE_IDENTIFIER = app.robotPen.cn.RobotBoardViewDemoUITests;
				PRODUCT_NAME = "$(TARGET_NAME)";
				TEST_TARGET_NAME = RobotBoardViewDemo;
			};
			name = Release;
		};
/* End XCBuildConfiguration section */

/* Begin XCConfigurationList section */
		208B7C221E010B62007D6772 /* Build configuration list for PBXProject "RobotBoardViewDemo" */ = {
			isa = XCConfigurationList;
			buildConfigurations = (
				208B7C521E010B63007D6772 /* Debug */,
				208B7C531E010B63007D6772 /* Release */,
			);
			defaultConfigurationIsVisible = 0;
			defaultConfigurationName = Release;
		};
		208B7C541E010B63007D6772 /* Build configuration list for PBXNativeTarget "RobotBoardViewDemo" */ = {
			isa = XCConfigurationList;
			buildConfigurations = (
				208B7C551E010B63007D6772 /* Debug */,
				208B7C561E010B63007D6772 /* Release */,
			);
			defaultConfigurationIsVisible = 0;
			defaultConfigurationName = Release;
		};
		208B7C571E010B63007D6772 /* Build configuration list for PBXNativeTarget "RobotBoardViewDemoTests" */ = {
			isa = XCConfigurationList;
			buildConfigurations = (
				208B7C581E010B63007D6772 /* Debug */,
				208B7C591E010B63007D6772 /* Release */,
			);
			defaultConfigurationIsVisible = 0;
			defaultConfigurationName = Release;
		};
		208B7C5A1E010B63007D6772 /* Build configuration list for PBXNativeTarget "RobotBoardViewDemoUITests" */ = {
			isa = XCConfigurationList;
			buildConfigurations = (
				208B7C5B1E010B63007D6772 /* Debug */,
				208B7C5C1E010B63007D6772 /* Release */,
			);
			defaultConfigurationIsVisible = 0;
			defaultConfigurationName = Release;
		};
/* End XCConfigurationList section */
	};
	rootObject = 208B7C1F1E010B62007D6772 /* Project object */;
}
